// !$*UTF8*$!
{
	archiveVersion = 1;
	classes = {
	};
	objectVersion = 46;
	objects = {

/* Begin PBXBuildFile section */
		BE052C73181989EC0007D51C /* PIApplication.m in Sources */ = {isa = PBXBuildFile; fileRef = BE052C72181989EC0007D51C /* PIApplication.m */; };
		BE1266CC18297F5700D6A05F /* Security.framework in Frameworks */ = {isa = PBXBuildFile; fileRef = BE1266CB18297F5700D6A05F /* Security.framework */; };
		BE1FCEAF17C5A7F400F3A3E6 /* libcups.dylib in Frameworks */ = {isa = PBXBuildFile; fileRef = BEBCEF0117BF1FA8004DC7F9 /* libcups.dylib */; };
		BE20370C183E7058000E33CE /* PILoginItem.m in Sources */ = {isa = PBXBuildFile; fileRef = BE20370B183E7058000E33CE /* PILoginItem.m */; };
		BE503DBC18BF9D4000C84357 /* ServiceManagement.framework in Frameworks */ = {isa = PBXBuildFile; fileRef = BEAA87F517BECCC600D2BCAE /* ServiceManagement.framework */; };
		BE503DBD18BF9D4B00C84357 /* Security.framework in Frameworks */ = {isa = PBXBuildFile; fileRef = BE1266CB18297F5700D6A05F /* Security.framework */; };
		BE503DC518BFA5B700C84357 /* SystemConfiguration.framework in Frameworks */ = {isa = PBXBuildFile; fileRef = BE69529C18492F080008CFAA /* SystemConfiguration.framework */; };
		BE5D200F188706EE001A542A /* PIBonjourBrowser.m in Sources */ = {isa = PBXBuildFile; fileRef = BE5D200E188706EE001A542A /* PIBonjourBrowser.m */; };
		BE5D201718886C09001A542A /* libz.dylib in Frameworks */ = {isa = PBXBuildFile; fileRef = BE5D201518886BE9001A542A /* libz.dylib */; };
		BE5D201818886C13001A542A /* libz.dylib in Frameworks */ = {isa = PBXBuildFile; fileRef = BE5D201518886BE9001A542A /* libz.dylib */; };
		BE69529B18492B990008CFAA /* Reachability.m in Sources */ = {isa = PBXBuildFile; fileRef = BE69529A18492B990008CFAA /* Reachability.m */; };
		BE69529D18492F080008CFAA /* SystemConfiguration.framework in Frameworks */ = {isa = PBXBuildFile; fileRef = BE69529C18492F080008CFAA /* SystemConfiguration.framework */; };
		BE6A73801857B3F200A4DA71 /* PIMenuView.m in Sources */ = {isa = PBXBuildFile; fileRef = BE6A737F1857B3F200A4DA71 /* PIMenuView.m */; };
		BE6A73841857B41600A4DA71 /* PIConfigView.m in Sources */ = {isa = PBXBuildFile; fileRef = BE6A73821857B41600A4DA71 /* PIConfigView.m */; };
		BE6A73851857B41600A4DA71 /* PIConfigView.xib in Resources */ = {isa = PBXBuildFile; fileRef = BE6A73831857B41600A4DA71 /* PIConfigView.xib */; };
		BE6A73881857B47900A4DA71 /* NSWindow+canBecomeKeyWindow.m in Sources */ = {isa = PBXBuildFile; fileRef = BE6A73871857B47900A4DA71 /* NSWindow+canBecomeKeyWindow.m */; };
		BE793632188A2C8D00F0936F /* PIAlert.m in Sources */ = {isa = PBXBuildFile; fileRef = BE7F16041870C35100362EA5 /* PIAlert.m */; };
		BE88D34718DB87F200A82F08 /* Sparkle.framework in Frameworks */ = {isa = PBXBuildFile; fileRef = BE88D34618DB87F200A82F08 /* Sparkle.framework */; };
		BE88D34818DB883400A82F08 /* Sparkle.framework in Copy Files */ = {isa = PBXBuildFile; fileRef = BE88D34618DB87F200A82F08 /* Sparkle.framework */; };
		BE88D34918DB883E00A82F08 /* CDEvents.framework in Copy Files */ = {isa = PBXBuildFile; fileRef = BE88D34118DB83D300A82F08 /* CDEvents.framework */; };
		BE88D34A18DB885100A82F08 /* libAHLaunchCtl.a in Frameworks */ = {isa = PBXBuildFile; fileRef = BE88D33918DB83C100A82F08 /* libAHLaunchCtl.a */; };
		BE88D34B18DB885100A82F08 /* libObjective_CUPS.a in Frameworks */ = {isa = PBXBuildFile; fileRef = BE88D32918DB83AE00A82F08 /* libObjective_CUPS.a */; };
		BE88D35418DB88F900A82F08 /* libAHLaunchCtl.a in Frameworks */ = {isa = PBXBuildFile; fileRef = BE88D33918DB83C100A82F08 /* libAHLaunchCtl.a */; };
		BE88D35518DB88F900A82F08 /* libObjective_CUPS.a in Frameworks */ = {isa = PBXBuildFile; fileRef = BE88D32918DB83AE00A82F08 /* libObjective_CUPS.a */; };
		BE8B9F9A191690D9005F8EA6 /* AHServers.framework in Copy Files */ = {isa = PBXBuildFile; fileRef = BE8B9F93191690C8005F8EA6 /* AHServers.framework */; };
		BE8B9F9D19169188005F8EA6 /* AHServers.framework in Frameworks */ = {isa = PBXBuildFile; fileRef = BE8B9F93191690C8005F8EA6 /* AHServers.framework */; };
		BE8EC6FF1858CD68005F4E6D /* StatusBar.png in Resources */ = {isa = PBXBuildFile; fileRef = BE8EC6FE1858CD68005F4E6D /* StatusBar.png */; };
		BE8FD68917CE547F00452FD4 /* PINSXPC.m in Sources */ = {isa = PBXBuildFile; fileRef = BE8FD68817CE547F00452FD4 /* PINSXPC.m */; };
		BE93C98517BEC88400625DE2 /* Cocoa.framework in Frameworks */ = {isa = PBXBuildFile; fileRef = BE93C98417BEC88400625DE2 /* Cocoa.framework */; };
		BE93C99117BEC88400625DE2 /* main.m in Sources */ = {isa = PBXBuildFile; fileRef = BE93C99017BEC88400625DE2 /* main.m */; };
		BE93C99517BEC88400625DE2 /* Credits.rtf in Resources */ = {isa = PBXBuildFile; fileRef = BE93C99317BEC88400625DE2 /* Credits.rtf */; };
		BE93C99817BEC88400625DE2 /* PiDelegate.m in Sources */ = {isa = PBXBuildFile; fileRef = BE93C99717BEC88400625DE2 /* PiDelegate.m */; };
		BE93C99B17BEC88400625DE2 /* MainMenu.xib in Resources */ = {isa = PBXBuildFile; fileRef = BE93C99917BEC88400625DE2 /* MainMenu.xib */; };
		BE93C9AA17BEC8CB00625DE2 /* main.m in Sources */ = {isa = PBXBuildFile; fileRef = BE93C9A917BEC8CB00625DE2 /* main.m */; };
		BE93C9B717BEC96900625DE2 /* helper.m in Sources */ = {isa = PBXBuildFile; fileRef = BE93C9B617BEC96900625DE2 /* helper.m */; };
		BEA65D1E17C65A6400421893 /* edu.loyno.smc.Printer-Installer.helper in CopyFiles */ = {isa = PBXBuildFile; fileRef = BE93C9A517BEC8CB00625DE2 /* edu.loyno.smc.Printer-Installer.helper */; };
		BEAA87F617BECCC600D2BCAE /* ServiceManagement.framework in Frameworks */ = {isa = PBXBuildFile; fileRef = BEAA87F517BECCC600D2BCAE /* ServiceManagement.framework */; };
		BEAB4CD8181AE97300585C03 /* CoreServices.framework in Frameworks */ = {isa = PBXBuildFile; fileRef = BEAB4CD7181AE97300585C03 /* CoreServices.framework */; };
		BEBCEF0217BF1FA8004DC7F9 /* libcups.dylib in Frameworks */ = {isa = PBXBuildFile; fileRef = BEBCEF0117BF1FA8004DC7F9 /* libcups.dylib */; };
		BEC420AB181A0947005F3AC7 /* Images.xcassets in Resources */ = {isa = PBXBuildFile; fileRef = BEC420AA181A0947005F3AC7 /* Images.xcassets */; };
		BEDA9EB5182F45230055B0B8 /* PIController.m in Sources */ = {isa = PBXBuildFile; fileRef = BEDA9EB4182F45230055B0B8 /* PIController.m */; };
		BEDC5B3818252CBD003717BB /* PIError.m in Sources */ = {isa = PBXBuildFile; fileRef = BEDC5B3718252CBD003717BB /* PIError.m */; };
		BEDC5B3918252CBD003717BB /* PIError.m in Sources */ = {isa = PBXBuildFile; fileRef = BEDC5B3718252CBD003717BB /* PIError.m */; };
		BEE113731815764000850EF6 /* PiMenu.m in Sources */ = {isa = PBXBuildFile; fileRef = BEE113721815764000850EF6 /* PiMenu.m */; };
		BEED08EF181FD92B00F15F3F /* dsa_pub.pem in Resources */ = {isa = PBXBuildFile; fileRef = BEED08EE181FD92B00F15F3F /* dsa_pub.pem */; };
/* End PBXBuildFile section */

/* Begin PBXContainerItemProxy section */
		BE0CCCE218BDA89F00ABD105 /* PBXContainerItemProxy */ = {
			isa = PBXContainerItemProxy;
			containerPortal = BE93C97917BEC88400625DE2 /* Project object */;
			proxyType = 1;
			remoteGlobalIDString = BE93C9A417BEC8CB00625DE2;
			remoteInfo = "edu.loyno.smc.Printer-Installer.helper";
		};
		BE88D32618DB83AE00A82F08 /* PBXContainerItemProxy */ = {
			isa = PBXContainerItemProxy;
			containerPortal = BEAE79BF18DB3AC6004ADE82 /* Objective-CUPS.xcodeproj */;
			proxyType = 2;
			remoteGlobalIDString = BE26D39518909E4F00DD31AB;
			remoteInfo = "Objective-CUPS";
		};
		BE88D32818DB83AE00A82F08 /* PBXContainerItemProxy */ = {
			isa = PBXContainerItemProxy;
			containerPortal = BEAE79BF18DB3AC6004ADE82 /* Objective-CUPS.xcodeproj */;
			proxyType = 2;
			remoteGlobalIDString = BE26D3C61890C83600DD31AB;
			remoteInfo = Objective_CUPS;
		};
		BE88D32A18DB83AE00A82F08 /* PBXContainerItemProxy */ = {
			isa = PBXContainerItemProxy;
			containerPortal = BEAE79BF18DB3AC6004ADE82 /* Objective-CUPS.xcodeproj */;
			proxyType = 2;
			remoteGlobalIDString = BE26D3D21890C83600DD31AB;
			remoteInfo = Objective_CUPSTests;
		};
		BE88D32C18DB83AE00A82F08 /* PBXContainerItemProxy */ = {
			isa = PBXContainerItemProxy;
			containerPortal = BEAE79BF18DB3AC6004ADE82 /* Objective-CUPS.xcodeproj */;
			proxyType = 2;
			remoteGlobalIDString = BE42458618C63EE300B527B9;
			remoteInfo = "test-cli";
		};
		BE88D33418DB83C100A82F08 /* PBXContainerItemProxy */ = {
			isa = PBXContainerItemProxy;
			containerPortal = BEAE79A718DB3A94004ADE82 /* AHLaunchCtl.xcodeproj */;
			proxyType = 2;
			remoteGlobalIDString = BE91DC4418A586D5000FD8D7;
			remoteInfo = LaunchControl;
		};
		BE88D33618DB83C100A82F08 /* PBXContainerItemProxy */ = {
			isa = PBXContainerItemProxy;
			containerPortal = BEAE79A718DB3A94004ADE82 /* AHLaunchCtl.xcodeproj */;
			proxyType = 2;
			remoteGlobalIDString = BE5B001B18A55BAA000D8603;
			remoteInfo = com.eeaapps.launchctl.helper;
		};
		BE88D33818DB83C100A82F08 /* PBXContainerItemProxy */ = {
			isa = PBXContainerItemProxy;
			containerPortal = BEAE79A718DB3A94004ADE82 /* AHLaunchCtl.xcodeproj */;
			proxyType = 2;
			remoteGlobalIDString = BE76C6F118A19369003C94A0;
			remoteInfo = AHLaunchCtl;
		};
		BE88D33A18DB83C100A82F08 /* PBXContainerItemProxy */ = {
			isa = PBXContainerItemProxy;
			containerPortal = BEAE79A718DB3A94004ADE82 /* AHLaunchCtl.xcodeproj */;
			proxyType = 2;
			remoteGlobalIDString = BE76C70418A19369003C94A0;
			remoteInfo = AHLaunchCtlTests;
		};
		BE88D34018DB83D300A82F08 /* PBXContainerItemProxy */ = {
			isa = PBXContainerItemProxy;
			containerPortal = BEAE79B618DB3AAB004ADE82 /* CDEvents.xcodeproj */;
			proxyType = 2;
			remoteGlobalIDString = 8DC2EF5B0486A6940098B216;
			remoteInfo = CDEvents;
		};
		BE88D34218DB83D300A82F08 /* PBXContainerItemProxy */ = {
			isa = PBXContainerItemProxy;
			containerPortal = BEAE79B618DB3AAB004ADE82 /* CDEvents.xcodeproj */;
			proxyType = 2;
			remoteGlobalIDString = 9C6D067D1167CC7400343E46;
			remoteInfo = CDEventsTestApp;
		};
		BE88D34C18DB885D00A82F08 /* PBXContainerItemProxy */ = {
			isa = PBXContainerItemProxy;
			containerPortal = BEAE79BF18DB3AC6004ADE82 /* Objective-CUPS.xcodeproj */;
			proxyType = 1;
			remoteGlobalIDString = BE26D3C51890C83600DD31AB;
			remoteInfo = Objective_CUPS;
		};
		BE88D34E18DB885D00A82F08 /* PBXContainerItemProxy */ = {
			isa = PBXContainerItemProxy;
			containerPortal = BEAE79A718DB3A94004ADE82 /* AHLaunchCtl.xcodeproj */;
			proxyType = 1;
			remoteGlobalIDString = BE76C6F018A19369003C94A0;
			remoteInfo = AHLaunchCtl;
		};
		BE88D35018DB88EF00A82F08 /* PBXContainerItemProxy */ = {
			isa = PBXContainerItemProxy;
			containerPortal = BEAE79BF18DB3AC6004ADE82 /* Objective-CUPS.xcodeproj */;
			proxyType = 1;
			remoteGlobalIDString = BE26D3C51890C83600DD31AB;
			remoteInfo = Objective_CUPS;
		};
		BE88D35218DB88EF00A82F08 /* PBXContainerItemProxy */ = {
			isa = PBXContainerItemProxy;
			containerPortal = BEAE79A718DB3A94004ADE82 /* AHLaunchCtl.xcodeproj */;
			proxyType = 1;
			remoteGlobalIDString = BE76C6F018A19369003C94A0;
			remoteInfo = AHLaunchCtl;
		};
		BE8B9F92191690C8005F8EA6 /* PBXContainerItemProxy */ = {
			isa = PBXContainerItemProxy;
			containerPortal = BE8B9F8B191690C8005F8EA6 /* AHServers.xcodeproj */;
			proxyType = 2;
			remoteGlobalIDString = BE0209E91900AF040080311E;
			remoteInfo = AHServers;
		};
		BE8B9F94191690C8005F8EA6 /* PBXContainerItemProxy */ = {
			isa = PBXContainerItemProxy;
			containerPortal = BE8B9F8B191690C8005F8EA6 /* AHServers.xcodeproj */;
			proxyType = 2;
			remoteGlobalIDString = BE020A1B1900AF270080311E;
			remoteInfo = AHServersOSX;
		};
		BE8B9F96191690C8005F8EA6 /* PBXContainerItemProxy */ = {
			isa = PBXContainerItemProxy;
			containerPortal = BE8B9F8B191690C8005F8EA6 /* AHServers.xcodeproj */;
			proxyType = 2;
			remoteGlobalIDString = BE020A001900AF040080311E;
			remoteInfo = AHServersTests;
		};
		BE8B9F98191690C8005F8EA6 /* PBXContainerItemProxy */ = {
			isa = PBXContainerItemProxy;
			containerPortal = BE8B9F8B191690C8005F8EA6 /* AHServers.xcodeproj */;
			proxyType = 2;
			remoteGlobalIDString = BE020A271900AF270080311E;
			remoteInfo = AHServersOSXTests;
		};
		BE8B9F9B191690DE005F8EA6 /* PBXContainerItemProxy */ = {
			isa = PBXContainerItemProxy;
			containerPortal = BE8B9F8B191690C8005F8EA6 /* AHServers.xcodeproj */;
			proxyType = 1;
			remoteGlobalIDString = BE0209E81900AF040080311E;
			remoteInfo = AHServers;
		};
/* End PBXContainerItemProxy section */

/* Begin PBXCopyFilesBuildPhase section */
		BE2F4481181F4804007E36B1 /* Copy Files */ = {
			isa = PBXCopyFilesBuildPhase;
			buildActionMask = 12;
			dstPath = "";
			dstSubfolderSpec = 10;
			files = (
				BE8B9F9A191690D9005F8EA6 /* AHServers.framework in Copy Files */,
				BE88D34918DB883E00A82F08 /* CDEvents.framework in Copy Files */,
				BE88D34818DB883400A82F08 /* Sparkle.framework in Copy Files */,
			);
			name = "Copy Files";
			runOnlyForDeploymentPostprocessing = 0;
		};
		BE93C9B917BECBB300625DE2 /* CopyFiles */ = {
			isa = PBXCopyFilesBuildPhase;
			buildActionMask = 2147483647;
			dstPath = Contents/Library/LaunchServices;
			dstSubfolderSpec = 1;
			files = (
				BEA65D1E17C65A6400421893 /* edu.loyno.smc.Printer-Installer.helper in CopyFiles */,
			);
			runOnlyForDeploymentPostprocessing = 0;
		};
/* End PBXCopyFilesBuildPhase section */

/* Begin PBXFileReference section */
		BE03EA0818BD568600C57101 /* HelperTool_CodeSign_RunScript.py */ = {isa = PBXFileReference; lastKnownFileType = text.script.python; path = HelperTool_CodeSign_RunScript.py; sourceTree = "<group>"; };
		BE052C71181989EC0007D51C /* PIApplication.h */ = {isa = PBXFileReference; fileEncoding = 4; lastKnownFileType = sourcecode.c.h; path = PIApplication.h; sourceTree = "<group>"; };
		BE052C72181989EC0007D51C /* PIApplication.m */ = {isa = PBXFileReference; fileEncoding = 4; lastKnownFileType = sourcecode.c.objc; path = PIApplication.m; sourceTree = "<group>"; };
		BE1266CB18297F5700D6A05F /* Security.framework */ = {isa = PBXFileReference; lastKnownFileType = wrapper.framework; name = Security.framework; path = System/Library/Frameworks/Security.framework; sourceTree = SDKROOT; };
		BE20370A183E7058000E33CE /* PILoginItem.h */ = {isa = PBXFileReference; fileEncoding = 4; lastKnownFileType = sourcecode.c.h; path = PILoginItem.h; sourceTree = "<group>"; };
		BE20370B183E7058000E33CE /* PILoginItem.m */ = {isa = PBXFileReference; fileEncoding = 4; lastKnownFileType = sourcecode.c.objc; path = PILoginItem.m; sourceTree = "<group>"; };
		BE3837EC1916997F00D5B5F8 /* Resign_CodeSign_RunScript.py */ = {isa = PBXFileReference; lastKnownFileType = text.script.python; path = Resign_CodeSign_RunScript.py; sourceTree = "<group>"; };
		BE5D200D188706EE001A542A /* PIBonjourBrowser.h */ = {isa = PBXFileReference; fileEncoding = 4; lastKnownFileType = sourcecode.c.h; path = PIBonjourBrowser.h; sourceTree = "<group>"; };
		BE5D200E188706EE001A542A /* PIBonjourBrowser.m */ = {isa = PBXFileReference; fileEncoding = 4; lastKnownFileType = sourcecode.c.objc; path = PIBonjourBrowser.m; sourceTree = "<group>"; };
		BE5D201518886BE9001A542A /* libz.dylib */ = {isa = PBXFileReference; lastKnownFileType = "compiled.mach-o.dylib"; name = libz.dylib; path = usr/lib/libz.dylib; sourceTree = SDKROOT; };
		BE69529918492B990008CFAA /* Reachability.h */ = {isa = PBXFileReference; fileEncoding = 4; lastKnownFileType = sourcecode.c.h; path = Reachability.h; sourceTree = "<group>"; };
		BE69529A18492B990008CFAA /* Reachability.m */ = {isa = PBXFileReference; fileEncoding = 4; lastKnownFileType = sourcecode.c.objc; path = Reachability.m; sourceTree = "<group>"; };
		BE69529C18492F080008CFAA /* SystemConfiguration.framework */ = {isa = PBXFileReference; lastKnownFileType = wrapper.framework; name = SystemConfiguration.framework; path = System/Library/Frameworks/SystemConfiguration.framework; sourceTree = SDKROOT; };
		BE6A737E1857B3F200A4DA71 /* PIMenuView.h */ = {isa = PBXFileReference; fileEncoding = 4; lastKnownFileType = sourcecode.c.h; path = PIMenuView.h; sourceTree = "<group>"; };
		BE6A737F1857B3F200A4DA71 /* PIMenuView.m */ = {isa = PBXFileReference; fileEncoding = 4; lastKnownFileType = sourcecode.c.objc; path = PIMenuView.m; sourceTree = "<group>"; };
		BE6A73811857B41600A4DA71 /* PIConfigView.h */ = {isa = PBXFileReference; fileEncoding = 4; lastKnownFileType = sourcecode.c.h; path = PIConfigView.h; sourceTree = "<group>"; };
		BE6A73821857B41600A4DA71 /* PIConfigView.m */ = {isa = PBXFileReference; fileEncoding = 4; lastKnownFileType = sourcecode.c.objc; path = PIConfigView.m; sourceTree = "<group>"; };
		BE6A73831857B41600A4DA71 /* PIConfigView.xib */ = {isa = PBXFileReference; fileEncoding = 4; lastKnownFileType = file.xib; path = PIConfigView.xib; sourceTree = "<group>"; };
		BE6A73861857B47900A4DA71 /* NSWindow+canBecomeKeyWindow.h */ = {isa = PBXFileReference; fileEncoding = 4; lastKnownFileType = sourcecode.c.h; path = "NSWindow+canBecomeKeyWindow.h"; sourceTree = "<group>"; };
		BE6A73871857B47900A4DA71 /* NSWindow+canBecomeKeyWindow.m */ = {isa = PBXFileReference; fileEncoding = 4; lastKnownFileType = sourcecode.c.objc; path = "NSWindow+canBecomeKeyWindow.m"; sourceTree = "<group>"; };
		BE7F16031870C35100362EA5 /* PIAlert.h */ = {isa = PBXFileReference; fileEncoding = 4; lastKnownFileType = sourcecode.c.h; name = PIAlert.h; path = "Printer-Installer/PIAlert.h"; sourceTree = "<group>"; };
		BE7F16041870C35100362EA5 /* PIAlert.m */ = {isa = PBXFileReference; fileEncoding = 4; lastKnownFileType = sourcecode.c.objc; name = PIAlert.m; path = "Printer-Installer/PIAlert.m"; sourceTree = "<group>"; };
		BE88D34618DB87F200A82F08 /* Sparkle.framework */ = {isa = PBXFileReference; lastKnownFileType = wrapper.framework; name = Sparkle.framework; path = "Printer-Installer/Sparkle.framework"; sourceTree = "<group>"; };
		BE8B9F8B191690C8005F8EA6 /* AHServers.xcodeproj */ = {isa = PBXFileReference; lastKnownFileType = "wrapper.pb-project"; name = AHServers.xcodeproj; path = "Printer-Installer/AHServers/AHServers.xcodeproj"; sourceTree = "<group>"; };
		BE8EC6FE1858CD68005F4E6D /* StatusBar.png */ = {isa = PBXFileReference; lastKnownFileType = image.png; path = StatusBar.png; sourceTree = "<group>"; };
		BE8FD68717CE547F00452FD4 /* PINSXPC.h */ = {isa = PBXFileReference; fileEncoding = 4; lastKnownFileType = sourcecode.c.h; path = PINSXPC.h; sourceTree = "<group>"; };
		BE8FD68817CE547F00452FD4 /* PINSXPC.m */ = {isa = PBXFileReference; fileEncoding = 4; lastKnownFileType = sourcecode.c.objc; path = PINSXPC.m; sourceTree = "<group>"; };
		BE93C98117BEC88400625DE2 /* Printer-Installer.app */ = {isa = PBXFileReference; explicitFileType = wrapper.application; includeInIndex = 0; path = "Printer-Installer.app"; sourceTree = BUILT_PRODUCTS_DIR; };
		BE93C98417BEC88400625DE2 /* Cocoa.framework */ = {isa = PBXFileReference; lastKnownFileType = wrapper.framework; name = Cocoa.framework; path = System/Library/Frameworks/Cocoa.framework; sourceTree = SDKROOT; };
		BE93C98717BEC88400625DE2 /* AppKit.framework */ = {isa = PBXFileReference; lastKnownFileType = wrapper.framework; name = AppKit.framework; path = System/Library/Frameworks/AppKit.framework; sourceTree = SDKROOT; };
		BE93C98817BEC88400625DE2 /* CoreData.framework */ = {isa = PBXFileReference; lastKnownFileType = wrapper.framework; name = CoreData.framework; path = System/Library/Frameworks/CoreData.framework; sourceTree = SDKROOT; };
		BE93C98917BEC88400625DE2 /* Foundation.framework */ = {isa = PBXFileReference; lastKnownFileType = wrapper.framework; name = Foundation.framework; path = System/Library/Frameworks/Foundation.framework; sourceTree = SDKROOT; };
		BE93C98C17BEC88400625DE2 /* Printer-Installer-Info.plist */ = {isa = PBXFileReference; lastKnownFileType = text.plist.xml; path = "Printer-Installer-Info.plist"; sourceTree = "<group>"; };
		BE93C98E17BEC88400625DE2 /* en */ = {isa = PBXFileReference; lastKnownFileType = text.plist.strings; name = en; path = en.lproj/InfoPlist.strings; sourceTree = "<group>"; };
		BE93C99017BEC88400625DE2 /* main.m */ = {isa = PBXFileReference; lastKnownFileType = sourcecode.c.objc; path = main.m; sourceTree = "<group>"; };
		BE93C99217BEC88400625DE2 /* Printer-Installer-Prefix.pch */ = {isa = PBXFileReference; lastKnownFileType = sourcecode.c.h; path = "Printer-Installer-Prefix.pch"; sourceTree = "<group>"; };
		BE93C99417BEC88400625DE2 /* en */ = {isa = PBXFileReference; lastKnownFileType = text.rtf; name = en; path = en.lproj/Credits.rtf; sourceTree = "<group>"; };
		BE93C99617BEC88400625DE2 /* PIDelegate.h */ = {isa = PBXFileReference; lastKnownFileType = sourcecode.c.h; path = PIDelegate.h; sourceTree = "<group>"; };
		BE93C99717BEC88400625DE2 /* PiDelegate.m */ = {isa = PBXFileReference; lastKnownFileType = sourcecode.c.objc; path = PiDelegate.m; sourceTree = "<group>"; };
		BE93C99A17BEC88400625DE2 /* en */ = {isa = PBXFileReference; lastKnownFileType = file.xib; name = en; path = en.lproj/MainMenu.xib; sourceTree = "<group>"; };
		BE93C9A517BEC8CB00625DE2 /* edu.loyno.smc.Printer-Installer.helper */ = {isa = PBXFileReference; explicitFileType = "compiled.mach-o.executable"; includeInIndex = 0; path = "edu.loyno.smc.Printer-Installer.helper"; sourceTree = BUILT_PRODUCTS_DIR; };
		BE93C9A917BEC8CB00625DE2 /* main.m */ = {isa = PBXFileReference; lastKnownFileType = sourcecode.c.objc; path = main.m; sourceTree = "<group>"; };
		BE93C9AC17BEC8CB00625DE2 /* printer-installer-helper-Prefix.pch */ = {isa = PBXFileReference; lastKnownFileType = sourcecode.c.h; path = "printer-installer-helper-Prefix.pch"; sourceTree = "<group>"; };
		BE93C9B217BEC8EA00625DE2 /* helper-Info.plist */ = {isa = PBXFileReference; fileEncoding = 4; lastKnownFileType = text.plist.xml; path = "helper-Info.plist"; sourceTree = "<group>"; };
		BE93C9B317BEC8EA00625DE2 /* helper-Launchd.plist */ = {isa = PBXFileReference; fileEncoding = 4; lastKnownFileType = text.plist.xml; path = "helper-Launchd.plist"; sourceTree = "<group>"; };
		BE93C9B417BEC90300625DE2 /* Interfaces.h */ = {isa = PBXFileReference; lastKnownFileType = sourcecode.c.h; name = Interfaces.h; path = "Printer-Installer/Interfaces.h"; sourceTree = "<group>"; };
		BE93C9B517BEC96900625DE2 /* helper.h */ = {isa = PBXFileReference; fileEncoding = 4; lastKnownFileType = sourcecode.c.h; path = helper.h; sourceTree = "<group>"; };
		BE93C9B617BEC96900625DE2 /* helper.m */ = {isa = PBXFileReference; fileEncoding = 4; lastKnownFileType = sourcecode.c.objc; path = helper.m; sourceTree = "<group>"; };
		BEAA87F517BECCC600D2BCAE /* ServiceManagement.framework */ = {isa = PBXFileReference; lastKnownFileType = wrapper.framework; name = ServiceManagement.framework; path = System/Library/Frameworks/ServiceManagement.framework; sourceTree = SDKROOT; };
		BEAB4CD7181AE97300585C03 /* CoreServices.framework */ = {isa = PBXFileReference; lastKnownFileType = wrapper.framework; name = CoreServices.framework; path = System/Library/Frameworks/CoreServices.framework; sourceTree = SDKROOT; };
		BEAE79A718DB3A94004ADE82 /* AHLaunchCtl.xcodeproj */ = {isa = PBXFileReference; lastKnownFileType = "wrapper.pb-project"; name = AHLaunchCtl.xcodeproj; path = "Printer-Installer/AHLaunchCtl/AHLaunchCtl.xcodeproj"; sourceTree = "<group>"; };
		BEAE79B618DB3AAB004ADE82 /* CDEvents.xcodeproj */ = {isa = PBXFileReference; lastKnownFileType = "wrapper.pb-project"; name = CDEvents.xcodeproj; path = "Printer-Installer/CDEvents/CDEvents.xcodeproj"; sourceTree = "<group>"; };
		BEAE79BF18DB3AC6004ADE82 /* Objective-CUPS.xcodeproj */ = {isa = PBXFileReference; lastKnownFileType = "wrapper.pb-project"; name = "Objective-CUPS.xcodeproj"; path = "Printer-Installer/Objective-CUPS/Objective-CUPS.xcodeproj"; sourceTree = "<group>"; };
		BEBCEF0117BF1FA8004DC7F9 /* libcups.dylib */ = {isa = PBXFileReference; lastKnownFileType = "compiled.mach-o.dylib"; name = libcups.dylib; path = usr/lib/libcups.dylib; sourceTree = SDKROOT; };
		BEC420AA181A0947005F3AC7 /* Images.xcassets */ = {isa = PBXFileReference; lastKnownFileType = folder.assetcatalog; path = Images.xcassets; sourceTree = "<group>"; };
		BEC6CDFC18160AD800300121 /* XCTest.framework */ = {isa = PBXFileReference; lastKnownFileType = wrapper.framework; name = XCTest.framework; path = Library/Frameworks/XCTest.framework; sourceTree = DEVELOPER_DIR; };
		BEDA9EB3182F45230055B0B8 /* PIController.h */ = {isa = PBXFileReference; fileEncoding = 4; lastKnownFileType = sourcecode.c.h; path = PIController.h; sourceTree = "<group>"; };
		BEDA9EB4182F45230055B0B8 /* PIController.m */ = {isa = PBXFileReference; fileEncoding = 4; lastKnownFileType = sourcecode.c.objc; path = PIController.m; sourceTree = "<group>"; };
		BEDC5B3618252CBD003717BB /* PIError.h */ = {isa = PBXFileReference; fileEncoding = 4; lastKnownFileType = sourcecode.c.h; name = PIError.h; path = "Printer-Installer/PIError.h"; sourceTree = "<group>"; };
		BEDC5B3718252CBD003717BB /* PIError.m */ = {isa = PBXFileReference; fileEncoding = 4; lastKnownFileType = sourcecode.c.objc; name = PIError.m; path = "Printer-Installer/PIError.m"; sourceTree = "<group>"; };
		BEE113711815764000850EF6 /* PIMenu.h */ = {isa = PBXFileReference; fileEncoding = 4; lastKnownFileType = sourcecode.c.h; path = PIMenu.h; sourceTree = "<group>"; };
		BEE113721815764000850EF6 /* PiMenu.m */ = {isa = PBXFileReference; fileEncoding = 4; lastKnownFileType = sourcecode.c.objc; path = PiMenu.m; sourceTree = "<group>"; };
		BEED08EE181FD92B00F15F3F /* dsa_pub.pem */ = {isa = PBXFileReference; fileEncoding = 4; lastKnownFileType = text; path = dsa_pub.pem; sourceTree = "<group>"; };
/* End PBXFileReference section */

/* Begin PBXFrameworksBuildPhase section */
		BE93C97E17BEC88400625DE2 /* Frameworks */ = {
			isa = PBXFrameworksBuildPhase;
			buildActionMask = 2147483647;
			files = (
				BE88D34A18DB885100A82F08 /* libAHLaunchCtl.a in Frameworks */,
				BE88D34B18DB885100A82F08 /* libObjective_CUPS.a in Frameworks */,
				BE8B9F9D19169188005F8EA6 /* AHServers.framework in Frameworks */,
				BEBCEF0217BF1FA8004DC7F9 /* libcups.dylib in Frameworks */,
				BE5D201818886C13001A542A /* libz.dylib in Frameworks */,
				BE93C98517BEC88400625DE2 /* Cocoa.framework in Frameworks */,
				BEAA87F617BECCC600D2BCAE /* ServiceManagement.framework in Frameworks */,
				BE69529D18492F080008CFAA /* SystemConfiguration.framework in Frameworks */,
				BE1266CC18297F5700D6A05F /* Security.framework in Frameworks */,
				BE88D34718DB87F200A82F08 /* Sparkle.framework in Frameworks */,
			);
			runOnlyForDeploymentPostprocessing = 0;
		};
		BE93C9A217BEC8CB00625DE2 /* Frameworks */ = {
			isa = PBXFrameworksBuildPhase;
			buildActionMask = 2147483647;
			files = (
				BE88D35418DB88F900A82F08 /* libAHLaunchCtl.a in Frameworks */,
				BE88D35518DB88F900A82F08 /* libObjective_CUPS.a in Frameworks */,
				BE503DC518BFA5B700C84357 /* SystemConfiguration.framework in Frameworks */,
				BE503DBD18BF9D4B00C84357 /* Security.framework in Frameworks */,
				BE503DBC18BF9D4000C84357 /* ServiceManagement.framework in Frameworks */,
				BEAB4CD8181AE97300585C03 /* CoreServices.framework in Frameworks */,
				BE5D201718886C09001A542A /* libz.dylib in Frameworks */,
				BE1FCEAF17C5A7F400F3A3E6 /* libcups.dylib in Frameworks */,
			);
			runOnlyForDeploymentPostprocessing = 0;
		};
/* End PBXFrameworksBuildPhase section */

/* Begin PBXGroup section */
		BE7F15FF186F2DCF00362EA5 /* Extra Items */ = {
			isa = PBXGroup;
			children = (
			);
			name = "Extra Items";
			sourceTree = "<group>";
		};
		BE7F16061871C4F800362EA5 /* Headers */ = {
			isa = PBXGroup;
			children = (
				BE052C71181989EC0007D51C /* PIApplication.h */,
				BE93C99617BEC88400625DE2 /* PIDelegate.h */,
				BEDA9EB3182F45230055B0B8 /* PIController.h */,
				BE5D200D188706EE001A542A /* PIBonjourBrowser.h */,
				BEE113711815764000850EF6 /* PIMenu.h */,
				BE6A737E1857B3F200A4DA71 /* PIMenuView.h */,
				BE20370A183E7058000E33CE /* PILoginItem.h */,
				BE8FD68717CE547F00452FD4 /* PINSXPC.h */,
				BE6A73811857B41600A4DA71 /* PIConfigView.h */,
			);
			name = Headers;
			sourceTree = "<group>";
		};
		BE88D32018DB83AE00A82F08 /* Products */ = {
			isa = PBXGroup;
			children = (
				BE88D32718DB83AE00A82F08 /* Objective-CUPS.framework */,
				BE88D32918DB83AE00A82F08 /* libObjective_CUPS.a */,
				BE88D32B18DB83AE00A82F08 /* Objective_CUPSTests.xctest */,
				BE88D32D18DB83AE00A82F08 /* test-cli */,
			);
			name = Products;
			sourceTree = "<group>";
		};
		BE88D32E18DB83C100A82F08 /* Products */ = {
			isa = PBXGroup;
			children = (
				BE88D33518DB83C100A82F08 /* LaunchControl.app */,
				BE88D33718DB83C100A82F08 /* com.eeaapps.launchctl.helper */,
				BE88D33918DB83C100A82F08 /* libAHLaunchCtl.a */,
				BE88D33B18DB83C100A82F08 /* AHLaunchCtlTests.xctest */,
			);
			name = Products;
			sourceTree = "<group>";
		};
		BE88D33C18DB83D300A82F08 /* Products */ = {
			isa = PBXGroup;
			children = (
				BE88D34118DB83D300A82F08 /* CDEvents.framework */,
				BE88D34318DB83D300A82F08 /* CDEventsTestApp.app */,
			);
			name = Products;
			sourceTree = "<group>";
		};
		BE8B9F8C191690C8005F8EA6 /* Products */ = {
			isa = PBXGroup;
			children = (
				BE8B9F93191690C8005F8EA6 /* AHServers.framework */,
				BE8B9F95191690C8005F8EA6 /* libAHServersOSX.a */,
				BE8B9F97191690C8005F8EA6 /* AHServersTests.xctest */,
				BE8B9F99191690C8005F8EA6 /* AHServersOSXTests.xctest */,
			);
			name = Products;
			sourceTree = "<group>";
		};
		BE93C97817BEC88400625DE2 = {
			isa = PBXGroup;
			children = (
				BE3837EC1916997F00D5B5F8 /* Resign_CodeSign_RunScript.py */,
				BE03EA0818BD568600C57101 /* HelperTool_CodeSign_RunScript.py */,
				BE7F15FF186F2DCF00362EA5 /* Extra Items */,
				BEBFB8E317C001F80023B26C /* Shared Items */,
				BE93C98A17BEC88400625DE2 /* Printer-Installer */,
				BE93C9A817BEC8CB00625DE2 /* printer-installer-helper */,
				BE93C98317BEC88400625DE2 /* Frameworks */,
				BE93C98217BEC88400625DE2 /* Products */,
				BEAE79BF18DB3AC6004ADE82 /* Objective-CUPS.xcodeproj */,
				BEAE79A718DB3A94004ADE82 /* AHLaunchCtl.xcodeproj */,
				BE8B9F8B191690C8005F8EA6 /* AHServers.xcodeproj */,
				BEAE79B618DB3AAB004ADE82 /* CDEvents.xcodeproj */,
			);
			sourceTree = "<group>";
		};
		BE93C98217BEC88400625DE2 /* Products */ = {
			isa = PBXGroup;
			children = (
				BE93C98117BEC88400625DE2 /* Printer-Installer.app */,
				BE93C9A517BEC8CB00625DE2 /* edu.loyno.smc.Printer-Installer.helper */,
			);
			name = Products;
			sourceTree = "<group>";
		};
		BE93C98317BEC88400625DE2 /* Frameworks */ = {
			isa = PBXGroup;
			children = (
				BE5D201518886BE9001A542A /* libz.dylib */,
				BEBCEF0117BF1FA8004DC7F9 /* libcups.dylib */,
				BE88D34618DB87F200A82F08 /* Sparkle.framework */,
				BE69529C18492F080008CFAA /* SystemConfiguration.framework */,
				BE1266CB18297F5700D6A05F /* Security.framework */,
				BEAB4CD7181AE97300585C03 /* CoreServices.framework */,
				BEAA87F517BECCC600D2BCAE /* ServiceManagement.framework */,
				BEC6CDFC18160AD800300121 /* XCTest.framework */,
				BE93C98617BEC88400625DE2 /* Other Frameworks */,
			);
			name = Frameworks;
			sourceTree = "<group>";
		};
		BE93C98617BEC88400625DE2 /* Other Frameworks */ = {
			isa = PBXGroup;
			children = (
				BE93C98417BEC88400625DE2 /* Cocoa.framework */,
				BE93C98717BEC88400625DE2 /* AppKit.framework */,
				BE93C98817BEC88400625DE2 /* CoreData.framework */,
				BE93C98917BEC88400625DE2 /* Foundation.framework */,
			);
			name = "Other Frameworks";
			sourceTree = "<group>";
		};
		BE93C98A17BEC88400625DE2 /* Printer-Installer */ = {
			isa = PBXGroup;
			children = (
				BE052C72181989EC0007D51C /* PIApplication.m */,
				BE93C99717BEC88400625DE2 /* PiDelegate.m */,
				BEDA9EB4182F45230055B0B8 /* PIController.m */,
				BE5D200E188706EE001A542A /* PIBonjourBrowser.m */,
				BEE113721815764000850EF6 /* PiMenu.m */,
				BE8FD68817CE547F00452FD4 /* PINSXPC.m */,
				BE20370B183E7058000E33CE /* PILoginItem.m */,
				BE6A737F1857B3F200A4DA71 /* PIMenuView.m */,
				BE6A73821857B41600A4DA71 /* PIConfigView.m */,
				BE6A73831857B41600A4DA71 /* PIConfigView.xib */,
				BE93C99917BEC88400625DE2 /* MainMenu.xib */,
				BE7F16061871C4F800362EA5 /* Headers */,
				BE93C98B17BEC88400625DE2 /* Supporting Files */,
			);
			path = "Printer-Installer";
			sourceTree = "<group>";
		};
		BE93C98B17BEC88400625DE2 /* Supporting Files */ = {
			isa = PBXGroup;
			children = (
				BE93C99017BEC88400625DE2 /* main.m */,
				BE6A73861857B47900A4DA71 /* NSWindow+canBecomeKeyWindow.h */,
				BE6A73871857B47900A4DA71 /* NSWindow+canBecomeKeyWindow.m */,
				BE69529918492B990008CFAA /* Reachability.h */,
				BE69529A18492B990008CFAA /* Reachability.m */,
				BE93C99217BEC88400625DE2 /* Printer-Installer-Prefix.pch */,
				BE93C99317BEC88400625DE2 /* Credits.rtf */,
				BE93C98D17BEC88400625DE2 /* InfoPlist.strings */,
				BE93C98C17BEC88400625DE2 /* Printer-Installer-Info.plist */,
				BEED08EE181FD92B00F15F3F /* dsa_pub.pem */,
				BE8EC6FE1858CD68005F4E6D /* StatusBar.png */,
				BEC420AA181A0947005F3AC7 /* Images.xcassets */,
			);
			name = "Supporting Files";
			sourceTree = "<group>";
		};
		BE93C9A817BEC8CB00625DE2 /* printer-installer-helper */ = {
			isa = PBXGroup;
			children = (
				BE93C9B517BEC96900625DE2 /* helper.h */,
				BE93C9B617BEC96900625DE2 /* helper.m */,
				BE93C9B817BEC99200625DE2 /* Supporting Files */,
			);
			path = "printer-installer-helper";
			sourceTree = "<group>";
		};
		BE93C9B817BEC99200625DE2 /* Supporting Files */ = {
			isa = PBXGroup;
			children = (
				BE93C9B217BEC8EA00625DE2 /* helper-Info.plist */,
				BE93C9B317BEC8EA00625DE2 /* helper-Launchd.plist */,
				BE93C9AC17BEC8CB00625DE2 /* printer-installer-helper-Prefix.pch */,
				BE93C9A917BEC8CB00625DE2 /* main.m */,
			);
			name = "Supporting Files";
			sourceTree = "<group>";
		};
		BEBFB8E317C001F80023B26C /* Shared Items */ = {
			isa = PBXGroup;
			children = (
				BE93C9B417BEC90300625DE2 /* Interfaces.h */,
				BEDC5B3618252CBD003717BB /* PIError.h */,
				BEDC5B3718252CBD003717BB /* PIError.m */,
				BE7F16031870C35100362EA5 /* PIAlert.h */,
				BE7F16041870C35100362EA5 /* PIAlert.m */,
			);
			name = "Shared Items";
			sourceTree = "<group>";
		};
/* End PBXGroup section */

/* Begin PBXNativeTarget section */
		BE93C98017BEC88400625DE2 /* Printer-Installer */ = {
			isa = PBXNativeTarget;
			buildConfigurationList = BE93C99E17BEC88400625DE2 /* Build configuration list for PBXNativeTarget "Printer-Installer" */;
			buildPhases = (
				BE03EA0918BD56A800C57101 /* ShellScript */,
				BE93C97F17BEC88400625DE2 /* Resources */,
				BE93C97D17BEC88400625DE2 /* Sources */,
				BE93C97E17BEC88400625DE2 /* Frameworks */,
				BE93C9B917BECBB300625DE2 /* CopyFiles */,
				BE2F4481181F4804007E36B1 /* Copy Files */,
				BE3837F8191699DC00D5B5F8 /* ShellScript */,
			);
			buildRules = (
			);
			dependencies = (
				BE8B9F9C191690DE005F8EA6 /* PBXTargetDependency */,
				BE88D34D18DB885D00A82F08 /* PBXTargetDependency */,
				BE88D34F18DB885D00A82F08 /* PBXTargetDependency */,
				BE0CCCE318BDA89F00ABD105 /* PBXTargetDependency */,
			);
			name = "Printer-Installer";
			productName = "Printer-Installer";
			productReference = BE93C98117BEC88400625DE2 /* Printer-Installer.app */;
			productType = "com.apple.product-type.application";
		};
		BE93C9A417BEC8CB00625DE2 /* edu.loyno.smc.Printer-Installer.helper */ = {
			isa = PBXNativeTarget;
			buildConfigurationList = BE93C9AF17BEC8CB00625DE2 /* Build configuration list for PBXNativeTarget "edu.loyno.smc.Printer-Installer.helper" */;
			buildPhases = (
				BE93C9A117BEC8CB00625DE2 /* Sources */,
				BE93C9A217BEC8CB00625DE2 /* Frameworks */,
			);
			buildRules = (
			);
			dependencies = (
				BE88D35118DB88EF00A82F08 /* PBXTargetDependency */,
				BE88D35318DB88EF00A82F08 /* PBXTargetDependency */,
			);
			name = "edu.loyno.smc.Printer-Installer.helper";
			productName = "printer-installer-helper";
			productReference = BE93C9A517BEC8CB00625DE2 /* edu.loyno.smc.Printer-Installer.helper */;
			productType = "com.apple.product-type.tool";
		};
/* End PBXNativeTarget section */

/* Begin PBXProject section */
		BE93C97917BEC88400625DE2 /* Project object */ = {
			isa = PBXProject;
			attributes = {
				LastUpgradeCheck = 0500;
				ORGANIZATIONNAME = "Eldon Ahrold";
			};
			buildConfigurationList = BE93C97C17BEC88400625DE2 /* Build configuration list for PBXProject "Printer-Installer" */;
			compatibilityVersion = "Xcode 3.2";
			developmentRegion = English;
			hasScannedForEncodings = 0;
			knownRegions = (
				en,
				Base,
			);
			mainGroup = BE93C97817BEC88400625DE2;
			productRefGroup = BE93C98217BEC88400625DE2 /* Products */;
			projectDirPath = "";
			projectReferences = (
				{
					ProductGroup = BE88D32E18DB83C100A82F08 /* Products */;
					ProjectRef = BEAE79A718DB3A94004ADE82 /* AHLaunchCtl.xcodeproj */;
				},
				{
					ProductGroup = BE8B9F8C191690C8005F8EA6 /* Products */;
					ProjectRef = BE8B9F8B191690C8005F8EA6 /* AHServers.xcodeproj */;
				},
				{
					ProductGroup = BE88D33C18DB83D300A82F08 /* Products */;
					ProjectRef = BEAE79B618DB3AAB004ADE82 /* CDEvents.xcodeproj */;
				},
				{
					ProductGroup = BE88D32018DB83AE00A82F08 /* Products */;
					ProjectRef = BEAE79BF18DB3AC6004ADE82 /* Objective-CUPS.xcodeproj */;
				},
			);
			projectRoot = "";
			targets = (
				BE93C98017BEC88400625DE2 /* Printer-Installer */,
				BE93C9A417BEC8CB00625DE2 /* edu.loyno.smc.Printer-Installer.helper */,
			);
		};
/* End PBXProject section */

/* Begin PBXReferenceProxy section */
		BE88D32718DB83AE00A82F08 /* Objective-CUPS.framework */ = {
			isa = PBXReferenceProxy;
			fileType = wrapper.framework;
			path = "Objective-CUPS.framework";
			remoteRef = BE88D32618DB83AE00A82F08 /* PBXContainerItemProxy */;
			sourceTree = BUILT_PRODUCTS_DIR;
		};
		BE88D32918DB83AE00A82F08 /* libObjective_CUPS.a */ = {
			isa = PBXReferenceProxy;
			fileType = archive.ar;
			path = libObjective_CUPS.a;
			remoteRef = BE88D32818DB83AE00A82F08 /* PBXContainerItemProxy */;
			sourceTree = BUILT_PRODUCTS_DIR;
		};
		BE88D32B18DB83AE00A82F08 /* Objective_CUPSTests.xctest */ = {
			isa = PBXReferenceProxy;
			fileType = wrapper.cfbundle;
			path = Objective_CUPSTests.xctest;
			remoteRef = BE88D32A18DB83AE00A82F08 /* PBXContainerItemProxy */;
			sourceTree = BUILT_PRODUCTS_DIR;
		};
		BE88D32D18DB83AE00A82F08 /* test-cli */ = {
			isa = PBXReferenceProxy;
			fileType = "compiled.mach-o.executable";
			path = "test-cli";
			remoteRef = BE88D32C18DB83AE00A82F08 /* PBXContainerItemProxy */;
			sourceTree = BUILT_PRODUCTS_DIR;
		};
		BE88D33518DB83C100A82F08 /* LaunchControl.app */ = {
			isa = PBXReferenceProxy;
			fileType = wrapper.application;
			path = LaunchControl.app;
			remoteRef = BE88D33418DB83C100A82F08 /* PBXContainerItemProxy */;
			sourceTree = BUILT_PRODUCTS_DIR;
		};
		BE88D33718DB83C100A82F08 /* com.eeaapps.launchctl.helper */ = {
			isa = PBXReferenceProxy;
			fileType = "compiled.mach-o.executable";
			path = com.eeaapps.launchctl.helper;
			remoteRef = BE88D33618DB83C100A82F08 /* PBXContainerItemProxy */;
			sourceTree = BUILT_PRODUCTS_DIR;
		};
		BE88D33918DB83C100A82F08 /* libAHLaunchCtl.a */ = {
			isa = PBXReferenceProxy;
			fileType = archive.ar;
			path = libAHLaunchCtl.a;
			remoteRef = BE88D33818DB83C100A82F08 /* PBXContainerItemProxy */;
			sourceTree = BUILT_PRODUCTS_DIR;
		};
		BE88D33B18DB83C100A82F08 /* AHLaunchCtlTests.xctest */ = {
			isa = PBXReferenceProxy;
			fileType = wrapper.cfbundle;
			path = AHLaunchCtlTests.xctest;
			remoteRef = BE88D33A18DB83C100A82F08 /* PBXContainerItemProxy */;
			sourceTree = BUILT_PRODUCTS_DIR;
		};
		BE88D34118DB83D300A82F08 /* CDEvents.framework */ = {
			isa = PBXReferenceProxy;
			fileType = wrapper.framework;
			path = CDEvents.framework;
			remoteRef = BE88D34018DB83D300A82F08 /* PBXContainerItemProxy */;
			sourceTree = BUILT_PRODUCTS_DIR;
		};
		BE88D34318DB83D300A82F08 /* CDEventsTestApp.app */ = {
			isa = PBXReferenceProxy;
			fileType = wrapper.application;
			path = CDEventsTestApp.app;
			remoteRef = BE88D34218DB83D300A82F08 /* PBXContainerItemProxy */;
			sourceTree = BUILT_PRODUCTS_DIR;
		};
		BE8B9F93191690C8005F8EA6 /* AHServers.framework */ = {
			isa = PBXReferenceProxy;
			fileType = wrapper.framework;
			path = AHServers.framework;
			remoteRef = BE8B9F92191690C8005F8EA6 /* PBXContainerItemProxy */;
			sourceTree = BUILT_PRODUCTS_DIR;
		};
		BE8B9F95191690C8005F8EA6 /* libAHServersOSX.a */ = {
			isa = PBXReferenceProxy;
			fileType = archive.ar;
			path = libAHServersOSX.a;
			remoteRef = BE8B9F94191690C8005F8EA6 /* PBXContainerItemProxy */;
			sourceTree = BUILT_PRODUCTS_DIR;
		};
		BE8B9F97191690C8005F8EA6 /* AHServersTests.xctest */ = {
			isa = PBXReferenceProxy;
			fileType = wrapper.cfbundle;
			path = AHServersTests.xctest;
			remoteRef = BE8B9F96191690C8005F8EA6 /* PBXContainerItemProxy */;
			sourceTree = BUILT_PRODUCTS_DIR;
		};
		BE8B9F99191690C8005F8EA6 /* AHServersOSXTests.xctest */ = {
			isa = PBXReferenceProxy;
			fileType = wrapper.cfbundle;
			path = AHServersOSXTests.xctest;
			remoteRef = BE8B9F98191690C8005F8EA6 /* PBXContainerItemProxy */;
			sourceTree = BUILT_PRODUCTS_DIR;
		};
/* End PBXReferenceProxy section */

/* Begin PBXResourcesBuildPhase section */
		BE93C97F17BEC88400625DE2 /* Resources */ = {
			isa = PBXResourcesBuildPhase;
			buildActionMask = 2147483647;
			files = (
				BEED08EF181FD92B00F15F3F /* dsa_pub.pem in Resources */,
				BE93C99517BEC88400625DE2 /* Credits.rtf in Resources */,
				BE6A73851857B41600A4DA71 /* PIConfigView.xib in Resources */,
				BE93C99B17BEC88400625DE2 /* MainMenu.xib in Resources */,
				BEC420AB181A0947005F3AC7 /* Images.xcassets in Resources */,
				BE8EC6FF1858CD68005F4E6D /* StatusBar.png in Resources */,
			);
			runOnlyForDeploymentPostprocessing = 0;
		};
/* End PBXResourcesBuildPhase section */

/* Begin PBXShellScriptBuildPhase section */
		BE03EA0918BD56A800C57101 /* ShellScript */ = {
			isa = PBXShellScriptBuildPhase;
			buildActionMask = 2147483647;
			files = (
			);
			inputPaths = (
			);
			outputPaths = (
			);
			runOnlyForDeploymentPostprocessing = 0;
			shellPath = /bin/sh;
			shellScript = "\"${PROJECT_DIR}/HelperTool_CodeSign_RunScript.py\"";
		};
		BE3837F8191699DC00D5B5F8 /* ShellScript */ = {
			isa = PBXShellScriptBuildPhase;
			buildActionMask = 2147483647;
			files = (
			);
			inputPaths = (
			);
			outputPaths = (
			);
			runOnlyForDeploymentPostprocessing = 0;
			shellPath = /bin/sh;
			shellScript = "#\"${PROJECT_DIR}/Resign_CodeSign_RunScript.py\"";
		};
/* End PBXShellScriptBuildPhase section */

/* Begin PBXSourcesBuildPhase section */
		BE93C97D17BEC88400625DE2 /* Sources */ = {
			isa = PBXSourcesBuildPhase;
			buildActionMask = 2147483647;
			files = (
				BE69529B18492B990008CFAA /* Reachability.m in Sources */,
				BE93C99117BEC88400625DE2 /* main.m in Sources */,
				BEDC5B3818252CBD003717BB /* PIError.m in Sources */,
				BE052C73181989EC0007D51C /* PIApplication.m in Sources */,
				BE793632188A2C8D00F0936F /* PIAlert.m in Sources */,
				BE93C99817BEC88400625DE2 /* PiDelegate.m in Sources */,
				BEDA9EB5182F45230055B0B8 /* PIController.m in Sources */,
				BE5D200F188706EE001A542A /* PIBonjourBrowser.m in Sources */,
				BE8FD68917CE547F00452FD4 /* PINSXPC.m in Sources */,
				BE6A73881857B47900A4DA71 /* NSWindow+canBecomeKeyWindow.m in Sources */,
				BE20370C183E7058000E33CE /* PILoginItem.m in Sources */,
				BE6A73801857B3F200A4DA71 /* PIMenuView.m in Sources */,
				BE6A73841857B41600A4DA71 /* PIConfigView.m in Sources */,
				BEE113731815764000850EF6 /* PiMenu.m in Sources */,
			);
			runOnlyForDeploymentPostprocessing = 0;
		};
		BE93C9A117BEC8CB00625DE2 /* Sources */ = {
			isa = PBXSourcesBuildPhase;
			buildActionMask = 2147483647;
			files = (
				BE93C9AA17BEC8CB00625DE2 /* main.m in Sources */,
				BE93C9B717BEC96900625DE2 /* helper.m in Sources */,
				BEDC5B3918252CBD003717BB /* PIError.m in Sources */,
			);
			runOnlyForDeploymentPostprocessing = 0;
		};
/* End PBXSourcesBuildPhase section */

/* Begin PBXTargetDependency section */
		BE0CCCE318BDA89F00ABD105 /* PBXTargetDependency */ = {
			isa = PBXTargetDependency;
			target = BE93C9A417BEC8CB00625DE2 /* edu.loyno.smc.Printer-Installer.helper */;
			targetProxy = BE0CCCE218BDA89F00ABD105 /* PBXContainerItemProxy */;
		};
		BE88D34D18DB885D00A82F08 /* PBXTargetDependency */ = {
			isa = PBXTargetDependency;
			name = Objective_CUPS;
			targetProxy = BE88D34C18DB885D00A82F08 /* PBXContainerItemProxy */;
		};
		BE88D34F18DB885D00A82F08 /* PBXTargetDependency */ = {
			isa = PBXTargetDependency;
			name = AHLaunchCtl;
			targetProxy = BE88D34E18DB885D00A82F08 /* PBXContainerItemProxy */;
		};
		BE88D35118DB88EF00A82F08 /* PBXTargetDependency */ = {
			isa = PBXTargetDependency;
			name = Objective_CUPS;
			targetProxy = BE88D35018DB88EF00A82F08 /* PBXContainerItemProxy */;
		};
		BE88D35318DB88EF00A82F08 /* PBXTargetDependency */ = {
			isa = PBXTargetDependency;
			name = AHLaunchCtl;
			targetProxy = BE88D35218DB88EF00A82F08 /* PBXContainerItemProxy */;
		};
		BE8B9F9C191690DE005F8EA6 /* PBXTargetDependency */ = {
			isa = PBXTargetDependency;
			name = AHServers;
			targetProxy = BE8B9F9B191690DE005F8EA6 /* PBXContainerItemProxy */;
		};
/* End PBXTargetDependency section */

/* Begin PBXVariantGroup section */
		BE93C98D17BEC88400625DE2 /* InfoPlist.strings */ = {
			isa = PBXVariantGroup;
			children = (
				BE93C98E17BEC88400625DE2 /* en */,
			);
			name = InfoPlist.strings;
			sourceTree = "<group>";
		};
		BE93C99317BEC88400625DE2 /* Credits.rtf */ = {
			isa = PBXVariantGroup;
			children = (
				BE93C99417BEC88400625DE2 /* en */,
			);
			name = Credits.rtf;
			sourceTree = "<group>";
		};
		BE93C99917BEC88400625DE2 /* MainMenu.xib */ = {
			isa = PBXVariantGroup;
			children = (
				BE93C99A17BEC88400625DE2 /* en */,
			);
			name = MainMenu.xib;
			sourceTree = "<group>";
		};
/* End PBXVariantGroup section */

/* Begin XCBuildConfiguration section */
		BE93C99C17BEC88400625DE2 /* Debug */ = {
			isa = XCBuildConfiguration;
			buildSettings = {
				ALWAYS_SEARCH_USER_PATHS = NO;
				CLANG_CXX_LANGUAGE_STANDARD = "gnu++0x";
				CLANG_CXX_LIBRARY = "libc++";
				CLANG_ENABLE_OBJC_ARC = YES;
				CLANG_WARN_CONSTANT_CONVERSION = YES;
				CLANG_WARN_EMPTY_BODY = YES;
				CLANG_WARN_ENUM_CONVERSION = YES;
				CLANG_WARN_INT_CONVERSION = YES;
				CLANG_WARN__DUPLICATE_METHOD_MATCH = YES;
				COPY_PHASE_STRIP = NO;
				GCC_C_LANGUAGE_STANDARD = gnu99;
				GCC_DYNAMIC_NO_PIC = NO;
				GCC_ENABLE_OBJC_EXCEPTIONS = YES;
				GCC_OPTIMIZATION_LEVEL = 0;
				GCC_PREPROCESSOR_DEFINITIONS = (
					"DEBUG=1",
					"$(inherited)",
				);
				GCC_SYMBOLS_PRIVATE_EXTERN = NO;
				GCC_WARN_64_TO_32_BIT_CONVERSION = YES;
				GCC_WARN_ABOUT_RETURN_TYPE = YES;
				GCC_WARN_UNINITIALIZED_AUTOS = YES;
				GCC_WARN_UNUSED_VARIABLE = YES;
				MACOSX_DEPLOYMENT_TARGET = 10.8;
				ONLY_ACTIVE_ARCH = YES;
				SDKROOT = macosx10.8;
			};
			name = Debug;
		};
		BE93C99D17BEC88400625DE2 /* Release */ = {
			isa = XCBuildConfiguration;
			buildSettings = {
				ALWAYS_SEARCH_USER_PATHS = NO;
				CLANG_CXX_LANGUAGE_STANDARD = "gnu++0x";
				CLANG_CXX_LIBRARY = "libc++";
				CLANG_ENABLE_OBJC_ARC = YES;
				CLANG_WARN_CONSTANT_CONVERSION = YES;
				CLANG_WARN_EMPTY_BODY = YES;
				CLANG_WARN_ENUM_CONVERSION = YES;
				CLANG_WARN_INT_CONVERSION = YES;
				CLANG_WARN__DUPLICATE_METHOD_MATCH = YES;
				COPY_PHASE_STRIP = YES;
				DEBUG_INFORMATION_FORMAT = "dwarf-with-dsym";
				GCC_C_LANGUAGE_STANDARD = gnu99;
				GCC_ENABLE_OBJC_EXCEPTIONS = YES;
				GCC_WARN_64_TO_32_BIT_CONVERSION = YES;
				GCC_WARN_ABOUT_RETURN_TYPE = YES;
				GCC_WARN_UNINITIALIZED_AUTOS = YES;
				GCC_WARN_UNUSED_VARIABLE = YES;
				MACOSX_DEPLOYMENT_TARGET = 10.8;
				SDKROOT = macosx10.8;
			};
			name = Release;
		};
		BE93C99F17BEC88400625DE2 /* Debug */ = {
			isa = XCBuildConfiguration;
			buildSettings = {
				ASSETCATALOG_COMPILER_APPICON_NAME = MainApp;
				CODE_SIGN_IDENTITY = "Developer ID Application";
				COMBINE_HIDPI_IMAGES = YES;
				FRAMEWORK_SEARCH_PATHS = (
					"$(inherited)",
					"$(SRCROOT)/**",
				);
				GCC_PRECOMPILE_PREFIX_HEADER = YES;
				GCC_PREFIX_HEADER = "Printer-Installer/Printer-Installer-Prefix.pch";
				HEADER_SEARCH_PATHS = (
					"$(inherited)",
					/Applications/Xcode.app/Contents/Developer/Toolchains/XcodeDefault.xctoolchain/usr/include,
				);
				INFOPLIST_FILE = "Printer-Installer/Printer-Installer-Info.plist";
				LIBRARY_SEARCH_PATHS = (
					"$(inherited)",
					"$(SRCROOT)/Printer-Installer/",
				);
				MACOSX_DEPLOYMENT_TARGET = 10.8;
				OTHER_CODE_SIGN_FLAGS = "";
				PRODUCT_NAME = "$(TARGET_NAME)";
				PROVISIONING_PROFILE = "";
				SDKROOT = macosx10.9;
				USER_HEADER_SEARCH_PATHS = "${TARGET_BUILD_DIR}/** $(BUILT_PRODUCTS_DIR)/** \"$(SRCROOT)/../../Frameworks/\"/**";
				WRAPPER_EXTENSION = app;
			};
			name = Debug;
		};
		BE93C9A017BEC88400625DE2 /* Release */ = {
			isa = XCBuildConfiguration;
			buildSettings = {
				ASSETCATALOG_COMPILER_APPICON_NAME = MainApp;
				CODE_SIGN_IDENTITY = "Developer ID Application";
				COMBINE_HIDPI_IMAGES = YES;
				COPY_PHASE_STRIP = NO;
				FRAMEWORK_SEARCH_PATHS = (
					"$(inherited)",
					"$(SRCROOT)/**",
				);
				GCC_PRECOMPILE_PREFIX_HEADER = YES;
				GCC_PREFIX_HEADER = "Printer-Installer/Printer-Installer-Prefix.pch";
				HEADER_SEARCH_PATHS = (
					"$(inherited)",
					/Applications/Xcode.app/Contents/Developer/Toolchains/XcodeDefault.xctoolchain/usr/include,
				);
				INFOPLIST_FILE = "Printer-Installer/Printer-Installer-Info.plist";
				LIBRARY_SEARCH_PATHS = (
					"$(inherited)",
					"$(SRCROOT)/Printer-Installer/",
				);
				MACOSX_DEPLOYMENT_TARGET = 10.8;
				OTHER_CODE_SIGN_FLAGS = "";
				PRODUCT_NAME = "$(TARGET_NAME)";
				PROVISIONING_PROFILE = "";
				SDKROOT = macosx10.9;
				USER_HEADER_SEARCH_PATHS = "${TARGET_BUILD_DIR}/** $(BUILT_PRODUCTS_DIR)/** \"$(SRCROOT)/../../Frameworks/\"/**";
				WRAPPER_EXTENSION = app;
			};
			name = Release;
		};
		BE93C9B017BEC8CB00625DE2 /* Debug */ = {
			isa = XCBuildConfiguration;
			buildSettings = {
				CODE_SIGN_IDENTITY = "Developer ID Application: Loyola University New Orleans School of Mass Comm (BUN87F4W87)";
				FRAMEWORK_SEARCH_PATHS = (
					"$(inherited)",
					"$(SRCROOT)/**",
				);
				GCC_PRECOMPILE_PREFIX_HEADER = YES;
				GCC_PREFIX_HEADER = "printer-installer-helper/printer-installer-helper-Prefix.pch";
				HEADER_SEARCH_PATHS = (
					"$(inherited)",
					/Applications/Xcode.app/Contents/Developer/Toolchains/XcodeDefault.xctoolchain/usr/include,
				);
				INFOPLIST_FILE = "printer-installer-helper/helper-Info.plist";
				INSTALL_PATH = "";
				LIBRARY_SEARCH_PATHS = (
					"$(inherited)",
					"$(SRCROOT)/Printer-Installer/",
				);
				MACOSX_DEPLOYMENT_TARGET = 10.8;
				ONLY_ACTIVE_ARCH = YES;
				OTHER_LDFLAGS = (
					"-sectcreate",
					__TEXT,
					__info_plist,
					"printer-installer-helper/helper-Info.plist",
					"-sectcreate",
					__TEXT,
					__launchd_plist,
					"printer-installer-helper/helper-Launchd.plist",
					"-ObjC",
				);
				PRODUCT_NAME = "edu.loyno.smc.Printer-Installer.helper";
				PROVISIONING_PROFILE = "";
				SDKROOT = macosx10.8;
				USER_HEADER_SEARCH_PATHS = "${TARGET_BUILD_DIR}/** $(BUILT_PRODUCTS_DIR)/** \"$(SRCROOT)/../../Frameworks/\"/**";
			};
			name = Debug;
		};
		BE93C9B117BEC8CB00625DE2 /* Release */ = {
			isa = XCBuildConfiguration;
			buildSettings = {
				CODE_SIGN_IDENTITY = "Developer ID Application: Loyola University New Orleans School of Mass Comm (BUN87F4W87)";
				COPY_PHASE_STRIP = NO;
				FRAMEWORK_SEARCH_PATHS = (
					"$(inherited)",
					"$(SRCROOT)/**",
				);
				GCC_PRECOMPILE_PREFIX_HEADER = YES;
				GCC_PREFIX_HEADER = "printer-installer-helper/printer-installer-helper-Prefix.pch";
				HEADER_SEARCH_PATHS = (
					"$(inherited)",
					/Applications/Xcode.app/Contents/Developer/Toolchains/XcodeDefault.xctoolchain/usr/include,
				);
				INFOPLIST_FILE = "printer-installer-helper/helper-Info.plist";
				INSTALL_PATH = "";
				LIBRARY_SEARCH_PATHS = (
					"$(inherited)",
					"$(SRCROOT)/Printer-Installer/",
				);
				MACOSX_DEPLOYMENT_TARGET = 10.8;
				ONLY_ACTIVE_ARCH = NO;
				OTHER_LDFLAGS = (
					"-sectcreate",
					__TEXT,
					__info_plist,
					"printer-installer-helper/helper-Info.plist",
					"-sectcreate",
					__TEXT,
					__launchd_plist,
					"printer-installer-helper/helper-Launchd.plist",
					"-ObjC",
				);
				PRODUCT_NAME = "edu.loyno.smc.Printer-Installer.helper";
				PROVISIONING_PROFILE = "";
				SDKROOT = macosx10.8;
				USER_HEADER_SEARCH_PATHS = "${TARGET_BUILD_DIR}/** $(BUILT_PRODUCTS_DIR)/** \"$(SRCROOT)/../../Frameworks/\"/**";
			};
			name = Release;
		};
/* End XCBuildConfiguration section */

/* Begin XCConfigurationList section */
		BE93C97C17BEC88400625DE2 /* Build configuration list for PBXProject "Printer-Installer" */ = {
			isa = XCConfigurationList;
			buildConfigurations = (
				BE93C99C17BEC88400625DE2 /* Debug */,
				BE93C99D17BEC88400625DE2 /* Release */,
			);
			defaultConfigurationIsVisible = 0;
			defaultConfigurationName = Release;
		};
		BE93C99E17BEC88400625DE2 /* Build configuration list for PBXNativeTarget "Printer-Installer" */ = {
			isa = XCConfigurationList;
			buildConfigurations = (
				BE93C99F17BEC88400625DE2 /* Debug */,
				BE93C9A017BEC88400625DE2 /* Release */,
			);
			defaultConfigurationIsVisible = 0;
			defaultConfigurationName = Release;
		};
		BE93C9AF17BEC8CB00625DE2 /* Build configuration list for PBXNativeTarget "edu.loyno.smc.Printer-Installer.helper" */ = {
			isa = XCConfigurationList;
			buildConfigurations = (
				BE93C9B017BEC8CB00625DE2 /* Debug */,
				BE93C9B117BEC8CB00625DE2 /* Release */,
			);
			defaultConfigurationIsVisible = 0;
			defaultConfigurationName = Release;
		};
/* End XCConfigurationList section */
	};
	rootObject = BE93C97917BEC88400625DE2 /* Project object */;
}
