// !$*UTF8*$!
{
	archiveVersion = 1;
	classes = {
	};
	objectVersion = 46;
	objects = {

/* Begin PBXBuildFile section */
		BE052C73181989EC0007D51C /* PIApplication.m in Sources */ = {isa = PBXBuildFile; fileRef = BE052C72181989EC0007D51C /* PIApplication.m */; };
		BE1266CC18297F5700D6A05F /* Security.framework in Frameworks */ = {isa = PBXBuildFile; fileRef = BE1266CB18297F5700D6A05F /* Security.framework */; };
		BE1FCEAF17C5A7F400F3A3E6 /* libcups.dylib in Frameworks */ = {isa = PBXBuildFile; fileRef = BEBCEF0117BF1FA8004DC7F9 /* libcups.dylib */; };
		BE203708183E6E06000E33CE /* Server.framework in Frameworks */ = {isa = PBXBuildFile; fileRef = BE203707183E6E06000E33CE /* Server.framework */; };
		BE203709183E6E66000E33CE /* Server.framework in CopyFiles */ = {isa = PBXBuildFile; fileRef = BE203707183E6E06000E33CE /* Server.framework */; };
		BE20370C183E7058000E33CE /* PILoginItem.m in Sources */ = {isa = PBXBuildFile; fileRef = BE20370B183E7058000E33CE /* PILoginItem.m */; };
		BE28433C1816BCD200B9FABE /* ConfigSheet.xib in Resources */ = {isa = PBXBuildFile; fileRef = BE28433B1816BCD200B9FABE /* ConfigSheet.xib */; };
		BE2F448E181F526D007E36B1 /* Sparkle.framework in CopyFiles */ = {isa = PBXBuildFile; fileRef = BE2F448C181F5257007E36B1 /* Sparkle.framework */; };
		BE4B23F6181F541D00669BA3 /* Sparkle.framework in Frameworks */ = {isa = PBXBuildFile; fileRef = BE2F448C181F5257007E36B1 /* Sparkle.framework */; };
		BE69529B18492B990008CFAA /* Reachability.m in Sources */ = {isa = PBXBuildFile; fileRef = BE69529A18492B990008CFAA /* Reachability.m */; };
		BE69529D18492F080008CFAA /* SystemConfiguration.framework in Frameworks */ = {isa = PBXBuildFile; fileRef = BE69529C18492F080008CFAA /* SystemConfiguration.framework */; };
		BE7400C418122D1E00F71E1D /* PICups.m in Sources */ = {isa = PBXBuildFile; fileRef = BE7400C318122D1E00F71E1D /* PICups.m */; };
		BE8FD68917CE547F00452FD4 /* PINSXPC.m in Sources */ = {isa = PBXBuildFile; fileRef = BE8FD68817CE547F00452FD4 /* PINSXPC.m */; };
		BE8FD68C17CE646800452FD4 /* PIConfigSheet.m in Sources */ = {isa = PBXBuildFile; fileRef = BE8FD68B17CE646800452FD4 /* PIConfigSheet.m */; };
		BE93C98517BEC88400625DE2 /* Cocoa.framework in Frameworks */ = {isa = PBXBuildFile; fileRef = BE93C98417BEC88400625DE2 /* Cocoa.framework */; };
		BE93C99117BEC88400625DE2 /* main.m in Sources */ = {isa = PBXBuildFile; fileRef = BE93C99017BEC88400625DE2 /* main.m */; };
		BE93C99517BEC88400625DE2 /* Credits.rtf in Resources */ = {isa = PBXBuildFile; fileRef = BE93C99317BEC88400625DE2 /* Credits.rtf */; };
		BE93C99817BEC88400625DE2 /* PiDelegate.m in Sources */ = {isa = PBXBuildFile; fileRef = BE93C99717BEC88400625DE2 /* PiDelegate.m */; };
		BE93C99B17BEC88400625DE2 /* MainMenu.xib in Resources */ = {isa = PBXBuildFile; fileRef = BE93C99917BEC88400625DE2 /* MainMenu.xib */; };
		BE93C9AA17BEC8CB00625DE2 /* main.m in Sources */ = {isa = PBXBuildFile; fileRef = BE93C9A917BEC8CB00625DE2 /* main.m */; };
		BE93C9B717BEC96900625DE2 /* helper.m in Sources */ = {isa = PBXBuildFile; fileRef = BE93C9B617BEC96900625DE2 /* helper.m */; };
		BEA65D1E17C65A6400421893 /* edu.loyno.smc.Printer-Installer.helper in CopyFiles */ = {isa = PBXBuildFile; fileRef = BE93C9A517BEC8CB00625DE2 /* edu.loyno.smc.Printer-Installer.helper */; };
		BEAA87F617BECCC600D2BCAE /* ServiceManagement.framework in Frameworks */ = {isa = PBXBuildFile; fileRef = BEAA87F517BECCC600D2BCAE /* ServiceManagement.framework */; };
		BEAB4CD8181AE97300585C03 /* CoreServices.framework in Frameworks */ = {isa = PBXBuildFile; fileRef = BEAB4CD7181AE97300585C03 /* CoreServices.framework */; };
		BEBCEF0217BF1FA8004DC7F9 /* libcups.dylib in Frameworks */ = {isa = PBXBuildFile; fileRef = BEBCEF0117BF1FA8004DC7F9 /* libcups.dylib */; };
		BEBFB8E117BFFFD50023B26C /* Printer.m in Sources */ = {isa = PBXBuildFile; fileRef = BEBFB8E017BFFFD50023B26C /* Printer.m */; };
		BEBFB8E217BFFFD50023B26C /* Printer.m in Sources */ = {isa = PBXBuildFile; fileRef = BEBFB8E017BFFFD50023B26C /* Printer.m */; };
		BEC420AB181A0947005F3AC7 /* Images.xcassets in Resources */ = {isa = PBXBuildFile; fileRef = BEC420AA181A0947005F3AC7 /* Images.xcassets */; };
		BEDA9EB5182F45230055B0B8 /* PIController.m in Sources */ = {isa = PBXBuildFile; fileRef = BEDA9EB4182F45230055B0B8 /* PIController.m */; };
		BEDC5B3818252CBD003717BB /* PIError.m in Sources */ = {isa = PBXBuildFile; fileRef = BEDC5B3718252CBD003717BB /* PIError.m */; };
		BEDC5B3918252CBD003717BB /* PIError.m in Sources */ = {isa = PBXBuildFile; fileRef = BEDC5B3718252CBD003717BB /* PIError.m */; };
		BEE113731815764000850EF6 /* PiMenu.m in Sources */ = {isa = PBXBuildFile; fileRef = BEE113721815764000850EF6 /* PiMenu.m */; };
		BEED08EF181FD92B00F15F3F /* dsa_pub.pem in Resources */ = {isa = PBXBuildFile; fileRef = BEED08EE181FD92B00F15F3F /* dsa_pub.pem */; };
		BEF145D417C306F0003897D3 /* SMJobBlesser.m in Sources */ = {isa = PBXBuildFile; fileRef = BEF145D317C306F0003897D3 /* SMJobBlesser.m */; };
/* End PBXBuildFile section */

/* Begin PBXCopyFilesBuildPhase section */
		BE2F4481181F4804007E36B1 /* CopyFiles */ = {
			isa = PBXCopyFilesBuildPhase;
			buildActionMask = 12;
			dstPath = "";
			dstSubfolderSpec = 10;
			files = (
				BE2F448E181F526D007E36B1 /* Sparkle.framework in CopyFiles */,
				BE203709183E6E66000E33CE /* Server.framework in CopyFiles */,
			);
			runOnlyForDeploymentPostprocessing = 0;
		};
		BE93C9B917BECBB300625DE2 /* CopyFiles */ = {
			isa = PBXCopyFilesBuildPhase;
			buildActionMask = 2147483647;
			dstPath = Contents/Library/LaunchServices;
			dstSubfolderSpec = 1;
			files = (
				BEA65D1E17C65A6400421893 /* edu.loyno.smc.Printer-Installer.helper in CopyFiles */,
			);
			runOnlyForDeploymentPostprocessing = 0;
		};
/* End PBXCopyFilesBuildPhase section */

/* Begin PBXFileReference section */
		BE052C71181989EC0007D51C /* PIApplication.h */ = {isa = PBXFileReference; fileEncoding = 4; lastKnownFileType = sourcecode.c.h; path = PIApplication.h; sourceTree = "<group>"; };
		BE052C72181989EC0007D51C /* PIApplication.m */ = {isa = PBXFileReference; fileEncoding = 4; lastKnownFileType = sourcecode.c.objc; path = PIApplication.m; sourceTree = "<group>"; };
		BE1266CB18297F5700D6A05F /* Security.framework */ = {isa = PBXFileReference; lastKnownFileType = wrapper.framework; name = Security.framework; path = System/Library/Frameworks/Security.framework; sourceTree = SDKROOT; };
		BE203707183E6E06000E33CE /* Server.framework */ = {isa = PBXFileReference; lastKnownFileType = wrapper.framework; path = Server.framework; sourceTree = "<group>"; };
		BE20370A183E7058000E33CE /* PILoginItem.h */ = {isa = PBXFileReference; fileEncoding = 4; lastKnownFileType = sourcecode.c.h; path = PILoginItem.h; sourceTree = "<group>"; };
		BE20370B183E7058000E33CE /* PILoginItem.m */ = {isa = PBXFileReference; fileEncoding = 4; lastKnownFileType = sourcecode.c.objc; path = PILoginItem.m; sourceTree = "<group>"; };
		BE28433B1816BCD200B9FABE /* ConfigSheet.xib */ = {isa = PBXFileReference; fileEncoding = 4; lastKnownFileType = file.xib; path = ConfigSheet.xib; sourceTree = "<group>"; };
		BE2F448C181F5257007E36B1 /* Sparkle.framework */ = {isa = PBXFileReference; lastKnownFileType = wrapper.framework; name = Sparkle.framework; path = "Printer-Installer/Sparkle.framework"; sourceTree = "<group>"; };
		BE56D9181823422B005BCF9D /* release */ = {isa = PBXFileReference; lastKnownFileType = folder; path = release; sourceTree = "<group>"; };
		BE69529918492B990008CFAA /* Reachability.h */ = {isa = PBXFileReference; fileEncoding = 4; lastKnownFileType = sourcecode.c.h; path = Reachability.h; sourceTree = "<group>"; };
		BE69529A18492B990008CFAA /* Reachability.m */ = {isa = PBXFileReference; fileEncoding = 4; lastKnownFileType = sourcecode.c.objc; path = Reachability.m; sourceTree = "<group>"; };
		BE69529C18492F080008CFAA /* SystemConfiguration.framework */ = {isa = PBXFileReference; lastKnownFileType = wrapper.framework; name = SystemConfiguration.framework; path = System/Library/Frameworks/SystemConfiguration.framework; sourceTree = SDKROOT; };
		BE7400C218122D1E00F71E1D /* PICups.h */ = {isa = PBXFileReference; fileEncoding = 4; lastKnownFileType = sourcecode.c.h; path = PICups.h; sourceTree = "<group>"; };
		BE7400C318122D1E00F71E1D /* PICups.m */ = {isa = PBXFileReference; fileEncoding = 4; lastKnownFileType = sourcecode.c.objc; path = PICups.m; sourceTree = "<group>"; };
		BE8FD68717CE547F00452FD4 /* PINSXPC.h */ = {isa = PBXFileReference; fileEncoding = 4; lastKnownFileType = sourcecode.c.h; path = PINSXPC.h; sourceTree = "<group>"; };
		BE8FD68817CE547F00452FD4 /* PINSXPC.m */ = {isa = PBXFileReference; fileEncoding = 4; lastKnownFileType = sourcecode.c.objc; path = PINSXPC.m; sourceTree = "<group>"; };
		BE8FD68A17CE646800452FD4 /* PIConfigSheet.h */ = {isa = PBXFileReference; fileEncoding = 4; lastKnownFileType = sourcecode.c.h; path = PIConfigSheet.h; sourceTree = "<group>"; };
		BE8FD68B17CE646800452FD4 /* PIConfigSheet.m */ = {isa = PBXFileReference; fileEncoding = 4; lastKnownFileType = sourcecode.c.objc; path = PIConfigSheet.m; sourceTree = "<group>"; };
		BE93C98117BEC88400625DE2 /* Printer-Installer.app */ = {isa = PBXFileReference; explicitFileType = wrapper.application; includeInIndex = 0; path = "Printer-Installer.app"; sourceTree = BUILT_PRODUCTS_DIR; };
		BE93C98417BEC88400625DE2 /* Cocoa.framework */ = {isa = PBXFileReference; lastKnownFileType = wrapper.framework; name = Cocoa.framework; path = System/Library/Frameworks/Cocoa.framework; sourceTree = SDKROOT; };
		BE93C98717BEC88400625DE2 /* AppKit.framework */ = {isa = PBXFileReference; lastKnownFileType = wrapper.framework; name = AppKit.framework; path = System/Library/Frameworks/AppKit.framework; sourceTree = SDKROOT; };
		BE93C98817BEC88400625DE2 /* CoreData.framework */ = {isa = PBXFileReference; lastKnownFileType = wrapper.framework; name = CoreData.framework; path = System/Library/Frameworks/CoreData.framework; sourceTree = SDKROOT; };
		BE93C98917BEC88400625DE2 /* Foundation.framework */ = {isa = PBXFileReference; lastKnownFileType = wrapper.framework; name = Foundation.framework; path = System/Library/Frameworks/Foundation.framework; sourceTree = SDKROOT; };
		BE93C98C17BEC88400625DE2 /* Printer-Installer-Info.plist */ = {isa = PBXFileReference; lastKnownFileType = text.plist.xml; path = "Printer-Installer-Info.plist"; sourceTree = "<group>"; };
		BE93C98E17BEC88400625DE2 /* en */ = {isa = PBXFileReference; lastKnownFileType = text.plist.strings; name = en; path = en.lproj/InfoPlist.strings; sourceTree = "<group>"; };
		BE93C99017BEC88400625DE2 /* main.m */ = {isa = PBXFileReference; lastKnownFileType = sourcecode.c.objc; path = main.m; sourceTree = "<group>"; };
		BE93C99217BEC88400625DE2 /* Printer-Installer-Prefix.pch */ = {isa = PBXFileReference; lastKnownFileType = sourcecode.c.h; path = "Printer-Installer-Prefix.pch"; sourceTree = "<group>"; };
		BE93C99417BEC88400625DE2 /* en */ = {isa = PBXFileReference; lastKnownFileType = text.rtf; name = en; path = en.lproj/Credits.rtf; sourceTree = "<group>"; };
		BE93C99617BEC88400625DE2 /* PIDelegate.h */ = {isa = PBXFileReference; lastKnownFileType = sourcecode.c.h; path = PIDelegate.h; sourceTree = "<group>"; };
		BE93C99717BEC88400625DE2 /* PiDelegate.m */ = {isa = PBXFileReference; lastKnownFileType = sourcecode.c.objc; path = PiDelegate.m; sourceTree = "<group>"; };
		BE93C99A17BEC88400625DE2 /* en */ = {isa = PBXFileReference; lastKnownFileType = file.xib; name = en; path = en.lproj/MainMenu.xib; sourceTree = "<group>"; };
		BE93C9A517BEC8CB00625DE2 /* edu.loyno.smc.Printer-Installer.helper */ = {isa = PBXFileReference; explicitFileType = "compiled.mach-o.executable"; includeInIndex = 0; path = "edu.loyno.smc.Printer-Installer.helper"; sourceTree = BUILT_PRODUCTS_DIR; };
		BE93C9A917BEC8CB00625DE2 /* main.m */ = {isa = PBXFileReference; lastKnownFileType = sourcecode.c.objc; path = main.m; sourceTree = "<group>"; };
		BE93C9AC17BEC8CB00625DE2 /* printer-installer-helper-Prefix.pch */ = {isa = PBXFileReference; lastKnownFileType = sourcecode.c.h; path = "printer-installer-helper-Prefix.pch"; sourceTree = "<group>"; };
		BE93C9B217BEC8EA00625DE2 /* helper-Info.plist */ = {isa = PBXFileReference; fileEncoding = 4; lastKnownFileType = text.plist.xml; path = "helper-Info.plist"; sourceTree = "<group>"; };
		BE93C9B317BEC8EA00625DE2 /* helper-Launchd.plist */ = {isa = PBXFileReference; fileEncoding = 4; lastKnownFileType = text.plist.xml; path = "helper-Launchd.plist"; sourceTree = "<group>"; };
		BE93C9B417BEC90300625DE2 /* Interfaces.h */ = {isa = PBXFileReference; lastKnownFileType = sourcecode.c.h; name = Interfaces.h; path = "Printer-Installer/Interfaces.h"; sourceTree = "<group>"; };
		BE93C9B517BEC96900625DE2 /* helper.h */ = {isa = PBXFileReference; fileEncoding = 4; lastKnownFileType = sourcecode.c.h; path = helper.h; sourceTree = "<group>"; };
		BE93C9B617BEC96900625DE2 /* helper.m */ = {isa = PBXFileReference; fileEncoding = 4; lastKnownFileType = sourcecode.c.objc; path = helper.m; sourceTree = "<group>"; };
		BEAA87F517BECCC600D2BCAE /* ServiceManagement.framework */ = {isa = PBXFileReference; lastKnownFileType = wrapper.framework; name = ServiceManagement.framework; path = System/Library/Frameworks/ServiceManagement.framework; sourceTree = SDKROOT; };
		BEAB4CD7181AE97300585C03 /* CoreServices.framework */ = {isa = PBXFileReference; lastKnownFileType = wrapper.framework; name = CoreServices.framework; path = System/Library/Frameworks/CoreServices.framework; sourceTree = SDKROOT; };
		BEBCEF0117BF1FA8004DC7F9 /* libcups.dylib */ = {isa = PBXFileReference; lastKnownFileType = "compiled.mach-o.dylib"; name = libcups.dylib; path = usr/lib/libcups.dylib; sourceTree = SDKROOT; };
		BEBFB8DF17BFFFD50023B26C /* Printer.h */ = {isa = PBXFileReference; fileEncoding = 4; lastKnownFileType = sourcecode.c.h; name = Printer.h; path = "Printer-Installer/Printer.h"; sourceTree = "<group>"; };
		BEBFB8E017BFFFD50023B26C /* Printer.m */ = {isa = PBXFileReference; fileEncoding = 4; lastKnownFileType = sourcecode.c.objc; name = Printer.m; path = "Printer-Installer/Printer.m"; sourceTree = "<group>"; };
		BEC420AA181A0947005F3AC7 /* Images.xcassets */ = {isa = PBXFileReference; lastKnownFileType = folder.assetcatalog; path = Images.xcassets; sourceTree = "<group>"; };
		BEC6CDFC18160AD800300121 /* XCTest.framework */ = {isa = PBXFileReference; lastKnownFileType = wrapper.framework; name = XCTest.framework; path = Library/Frameworks/XCTest.framework; sourceTree = DEVELOPER_DIR; };
		BEDA9EB3182F45230055B0B8 /* PIController.h */ = {isa = PBXFileReference; fileEncoding = 4; lastKnownFileType = sourcecode.c.h; path = PIController.h; sourceTree = "<group>"; };
		BEDA9EB4182F45230055B0B8 /* PIController.m */ = {isa = PBXFileReference; fileEncoding = 4; lastKnownFileType = sourcecode.c.objc; path = PIController.m; sourceTree = "<group>"; };
		BEDC5B3618252CBD003717BB /* PIError.h */ = {isa = PBXFileReference; fileEncoding = 4; lastKnownFileType = sourcecode.c.h; name = PIError.h; path = "Printer-Installer/PIError.h"; sourceTree = "<group>"; };
		BEDC5B3718252CBD003717BB /* PIError.m */ = {isa = PBXFileReference; fileEncoding = 4; lastKnownFileType = sourcecode.c.objc; name = PIError.m; path = "Printer-Installer/PIError.m"; sourceTree = "<group>"; };
		BEE113711815764000850EF6 /* PIMenu.h */ = {isa = PBXFileReference; fileEncoding = 4; lastKnownFileType = sourcecode.c.h; path = PIMenu.h; sourceTree = "<group>"; };
		BEE113721815764000850EF6 /* PiMenu.m */ = {isa = PBXFileReference; fileEncoding = 4; lastKnownFileType = sourcecode.c.objc; path = PiMenu.m; sourceTree = "<group>"; };
		BEED08EE181FD92B00F15F3F /* dsa_pub.pem */ = {isa = PBXFileReference; fileEncoding = 4; lastKnownFileType = text; path = dsa_pub.pem; sourceTree = "<group>"; };
		BEF145D217C306F0003897D3 /* SMJobBlesser.h */ = {isa = PBXFileReference; fileEncoding = 4; lastKnownFileType = sourcecode.c.h; path = SMJobBlesser.h; sourceTree = "<group>"; };
		BEF145D317C306F0003897D3 /* SMJobBlesser.m */ = {isa = PBXFileReference; fileEncoding = 4; lastKnownFileType = sourcecode.c.objc; path = SMJobBlesser.m; sourceTree = "<group>"; };
/* End PBXFileReference section */

/* Begin PBXFrameworksBuildPhase section */
		BE93C97E17BEC88400625DE2 /* Frameworks */ = {
			isa = PBXFrameworksBuildPhase;
			buildActionMask = 2147483647;
			files = (
				BE69529D18492F080008CFAA /* SystemConfiguration.framework in Frameworks */,
				BEBCEF0217BF1FA8004DC7F9 /* libcups.dylib in Frameworks */,
				BE203708183E6E06000E33CE /* Server.framework in Frameworks */,
				BE93C98517BEC88400625DE2 /* Cocoa.framework in Frameworks */,
				BE1266CC18297F5700D6A05F /* Security.framework in Frameworks */,
				BEAA87F617BECCC600D2BCAE /* ServiceManagement.framework in Frameworks */,
				BE4B23F6181F541D00669BA3 /* Sparkle.framework in Frameworks */,
			);
			runOnlyForDeploymentPostprocessing = 0;
		};
		BE93C9A217BEC8CB00625DE2 /* Frameworks */ = {
			isa = PBXFrameworksBuildPhase;
			buildActionMask = 2147483647;
			files = (
				BEAB4CD8181AE97300585C03 /* CoreServices.framework in Frameworks */,
				BE1FCEAF17C5A7F400F3A3E6 /* libcups.dylib in Frameworks */,
			);
			runOnlyForDeploymentPostprocessing = 0;
		};
/* End PBXFrameworksBuildPhase section */

/* Begin PBXGroup section */
		BE93C97817BEC88400625DE2 = {
			isa = PBXGroup;
			children = (
				BEBFB8E317C001F80023B26C /* App/Helper Common */,
				BE93C98A17BEC88400625DE2 /* Printer-Installer */,
				BE93C9A817BEC8CB00625DE2 /* printer-installer-helper */,
				BE93C98317BEC88400625DE2 /* Frameworks */,
				BE56D9181823422B005BCF9D /* release */,
				BE93C98217BEC88400625DE2 /* Products */,
			);
			sourceTree = "<group>";
		};
		BE93C98217BEC88400625DE2 /* Products */ = {
			isa = PBXGroup;
			children = (
				BE93C98117BEC88400625DE2 /* Printer-Installer.app */,
				BE93C9A517BEC8CB00625DE2 /* edu.loyno.smc.Printer-Installer.helper */,
			);
			name = Products;
			sourceTree = "<group>";
		};
		BE93C98317BEC88400625DE2 /* Frameworks */ = {
			isa = PBXGroup;
			children = (
				BE69529C18492F080008CFAA /* SystemConfiguration.framework */,
				BE203707183E6E06000E33CE /* Server.framework */,
				BEBCEF0117BF1FA8004DC7F9 /* libcups.dylib */,
				BE1266CB18297F5700D6A05F /* Security.framework */,
				BE2F448C181F5257007E36B1 /* Sparkle.framework */,
				BEAB4CD7181AE97300585C03 /* CoreServices.framework */,
				BEAA87F517BECCC600D2BCAE /* ServiceManagement.framework */,
				BEC6CDFC18160AD800300121 /* XCTest.framework */,
				BE93C98617BEC88400625DE2 /* Other Frameworks */,
			);
			name = Frameworks;
			sourceTree = "<group>";
		};
		BE93C98617BEC88400625DE2 /* Other Frameworks */ = {
			isa = PBXGroup;
			children = (
				BE93C98417BEC88400625DE2 /* Cocoa.framework */,
				BE93C98717BEC88400625DE2 /* AppKit.framework */,
				BE93C98817BEC88400625DE2 /* CoreData.framework */,
				BE93C98917BEC88400625DE2 /* Foundation.framework */,
			);
			name = "Other Frameworks";
			sourceTree = "<group>";
		};
		BE93C98A17BEC88400625DE2 /* Printer-Installer */ = {
			isa = PBXGroup;
			children = (
				BE93C99617BEC88400625DE2 /* PIDelegate.h */,
				BE93C99717BEC88400625DE2 /* PiDelegate.m */,
				BEE113711815764000850EF6 /* PIMenu.h */,
				BEE113721815764000850EF6 /* PiMenu.m */,
				BEDA9EB3182F45230055B0B8 /* PIController.h */,
				BEDA9EB4182F45230055B0B8 /* PIController.m */,
				BE20370A183E7058000E33CE /* PILoginItem.h */,
				BE20370B183E7058000E33CE /* PILoginItem.m */,
				BE8FD68A17CE646800452FD4 /* PIConfigSheet.h */,
				BE8FD68B17CE646800452FD4 /* PIConfigSheet.m */,
				BE8FD68717CE547F00452FD4 /* PINSXPC.h */,
				BE8FD68817CE547F00452FD4 /* PINSXPC.m */,
				BE93C99917BEC88400625DE2 /* MainMenu.xib */,
				BE28433B1816BCD200B9FABE /* ConfigSheet.xib */,
				BE93C98B17BEC88400625DE2 /* Supporting Files */,
			);
			path = "Printer-Installer";
			sourceTree = "<group>";
		};
		BE93C98B17BEC88400625DE2 /* Supporting Files */ = {
			isa = PBXGroup;
			children = (
				BE69529918492B990008CFAA /* Reachability.h */,
				BE69529A18492B990008CFAA /* Reachability.m */,
				BEED08EE181FD92B00F15F3F /* dsa_pub.pem */,
				BEC420AA181A0947005F3AC7 /* Images.xcassets */,
				BE052C71181989EC0007D51C /* PIApplication.h */,
				BE052C72181989EC0007D51C /* PIApplication.m */,
				BE7400C218122D1E00F71E1D /* PICups.h */,
				BE7400C318122D1E00F71E1D /* PICups.m */,
				BE93C99017BEC88400625DE2 /* main.m */,
				BEF145D217C306F0003897D3 /* SMJobBlesser.h */,
				BEF145D317C306F0003897D3 /* SMJobBlesser.m */,
				BE93C98C17BEC88400625DE2 /* Printer-Installer-Info.plist */,
				BE93C98D17BEC88400625DE2 /* InfoPlist.strings */,
				BE93C99217BEC88400625DE2 /* Printer-Installer-Prefix.pch */,
				BE93C99317BEC88400625DE2 /* Credits.rtf */,
			);
			name = "Supporting Files";
			sourceTree = "<group>";
		};
		BE93C9A817BEC8CB00625DE2 /* printer-installer-helper */ = {
			isa = PBXGroup;
			children = (
				BE93C9B517BEC96900625DE2 /* helper.h */,
				BE93C9B617BEC96900625DE2 /* helper.m */,
				BE93C9B817BEC99200625DE2 /* Supporting Files */,
			);
			path = "printer-installer-helper";
			sourceTree = "<group>";
		};
		BE93C9B817BEC99200625DE2 /* Supporting Files */ = {
			isa = PBXGroup;
			children = (
				BE93C9B217BEC8EA00625DE2 /* helper-Info.plist */,
				BE93C9B317BEC8EA00625DE2 /* helper-Launchd.plist */,
				BE93C9AC17BEC8CB00625DE2 /* printer-installer-helper-Prefix.pch */,
				BE93C9A917BEC8CB00625DE2 /* main.m */,
			);
			name = "Supporting Files";
			sourceTree = "<group>";
		};
		BEBFB8E317C001F80023B26C /* App/Helper Common */ = {
			isa = PBXGroup;
			children = (
				BEBFB8DF17BFFFD50023B26C /* Printer.h */,
				BEBFB8E017BFFFD50023B26C /* Printer.m */,
				BEDC5B3618252CBD003717BB /* PIError.h */,
				BEDC5B3718252CBD003717BB /* PIError.m */,
				BE93C9B417BEC90300625DE2 /* Interfaces.h */,
			);
			name = "App/Helper Common";
			sourceTree = "<group>";
		};
/* End PBXGroup section */

/* Begin PBXNativeTarget section */
		BE93C98017BEC88400625DE2 /* Printer-Installer */ = {
			isa = PBXNativeTarget;
			buildConfigurationList = BE93C99E17BEC88400625DE2 /* Build configuration list for PBXNativeTarget "Printer-Installer" */;
			buildPhases = (
				BE93C97F17BEC88400625DE2 /* Resources */,
				BE93C97D17BEC88400625DE2 /* Sources */,
				BE93C97E17BEC88400625DE2 /* Frameworks */,
				BE93C9B917BECBB300625DE2 /* CopyFiles */,
				BE2F4481181F4804007E36B1 /* CopyFiles */,
			);
			buildRules = (
			);
			dependencies = (
			);
			name = "Printer-Installer";
			productName = "Printer-Installer";
			productReference = BE93C98117BEC88400625DE2 /* Printer-Installer.app */;
			productType = "com.apple.product-type.application";
		};
		BE93C9A417BEC8CB00625DE2 /* edu.loyno.smc.Printer-Installer.helper */ = {
			isa = PBXNativeTarget;
			buildConfigurationList = BE93C9AF17BEC8CB00625DE2 /* Build configuration list for PBXNativeTarget "edu.loyno.smc.Printer-Installer.helper" */;
			buildPhases = (
				BE93C9A117BEC8CB00625DE2 /* Sources */,
				BE93C9A217BEC8CB00625DE2 /* Frameworks */,
			);
			buildRules = (
			);
			dependencies = (
			);
			name = "edu.loyno.smc.Printer-Installer.helper";
			productName = "printer-installer-helper";
			productReference = BE93C9A517BEC8CB00625DE2 /* edu.loyno.smc.Printer-Installer.helper */;
			productType = "com.apple.product-type.tool";
		};
/* End PBXNativeTarget section */

/* Begin PBXProject section */
		BE93C97917BEC88400625DE2 /* Project object */ = {
			isa = PBXProject;
			attributes = {
				LastUpgradeCheck = 0500;
				ORGANIZATIONNAME = "Eldon Ahrold";
			};
			buildConfigurationList = BE93C97C17BEC88400625DE2 /* Build configuration list for PBXProject "Printer-Installer" */;
			compatibilityVersion = "Xcode 3.2";
			developmentRegion = English;
			hasScannedForEncodings = 0;
			knownRegions = (
				en,
				Base,
			);
			mainGroup = BE93C97817BEC88400625DE2;
			productRefGroup = BE93C98217BEC88400625DE2 /* Products */;
			projectDirPath = "";
			projectRoot = "";
			targets = (
				BE93C98017BEC88400625DE2 /* Printer-Installer */,
				BE93C9A417BEC8CB00625DE2 /* edu.loyno.smc.Printer-Installer.helper */,
			);
		};
/* End PBXProject section */

/* Begin PBXResourcesBuildPhase section */
		BE93C97F17BEC88400625DE2 /* Resources */ = {
			isa = PBXResourcesBuildPhase;
			buildActionMask = 2147483647;
			files = (
				BEED08EF181FD92B00F15F3F /* dsa_pub.pem in Resources */,
				BE93C99517BEC88400625DE2 /* Credits.rtf in Resources */,
				BE28433C1816BCD200B9FABE /* ConfigSheet.xib in Resources */,
				BE93C99B17BEC88400625DE2 /* MainMenu.xib in Resources */,
				BEC420AB181A0947005F3AC7 /* Images.xcassets in Resources */,
			);
			runOnlyForDeploymentPostprocessing = 0;
		};
/* End PBXResourcesBuildPhase section */

/* Begin PBXSourcesBuildPhase section */
		BE93C97D17BEC88400625DE2 /* Sources */ = {
			isa = PBXSourcesBuildPhase;
			buildActionMask = 2147483647;
			files = (
				BE69529B18492B990008CFAA /* Reachability.m in Sources */,
				BE93C99117BEC88400625DE2 /* main.m in Sources */,
				BEDC5B3818252CBD003717BB /* PIError.m in Sources */,
				BE052C73181989EC0007D51C /* PIApplication.m in Sources */,
				BE93C99817BEC88400625DE2 /* PiDelegate.m in Sources */,
				BEDA9EB5182F45230055B0B8 /* PIController.m in Sources */,
				BEBFB8E117BFFFD50023B26C /* Printer.m in Sources */,
				BEF145D417C306F0003897D3 /* SMJobBlesser.m in Sources */,
				BE7400C418122D1E00F71E1D /* PICups.m in Sources */,
				BE8FD68917CE547F00452FD4 /* PINSXPC.m in Sources */,
				BE20370C183E7058000E33CE /* PILoginItem.m in Sources */,
				BE8FD68C17CE646800452FD4 /* PIConfigSheet.m in Sources */,
				BEE113731815764000850EF6 /* PiMenu.m in Sources */,
			);
			runOnlyForDeploymentPostprocessing = 0;
		};
		BE93C9A117BEC8CB00625DE2 /* Sources */ = {
			isa = PBXSourcesBuildPhase;
			buildActionMask = 2147483647;
			files = (
				BE93C9AA17BEC8CB00625DE2 /* main.m in Sources */,
				BE93C9B717BEC96900625DE2 /* helper.m in Sources */,
				BEBFB8E217BFFFD50023B26C /* Printer.m in Sources */,
				BEDC5B3918252CBD003717BB /* PIError.m in Sources */,
			);
			runOnlyForDeploymentPostprocessing = 0;
		};
/* End PBXSourcesBuildPhase section */

/* Begin PBXVariantGroup section */
		BE93C98D17BEC88400625DE2 /* InfoPlist.strings */ = {
			isa = PBXVariantGroup;
			children = (
				BE93C98E17BEC88400625DE2 /* en */,
			);
			name = InfoPlist.strings;
			sourceTree = "<group>";
		};
		BE93C99317BEC88400625DE2 /* Credits.rtf */ = {
			isa = PBXVariantGroup;
			children = (
				BE93C99417BEC88400625DE2 /* en */,
			);
			name = Credits.rtf;
			sourceTree = "<group>";
		};
		BE93C99917BEC88400625DE2 /* MainMenu.xib */ = {
			isa = PBXVariantGroup;
			children = (
				BE93C99A17BEC88400625DE2 /* en */,
			);
			name = MainMenu.xib;
			sourceTree = "<group>";
		};
/* End PBXVariantGroup section */

/* Begin XCBuildConfiguration section */
		BE93C99C17BEC88400625DE2 /* Debug */ = {
			isa = XCBuildConfiguration;
			buildSettings = {
				ALWAYS_SEARCH_USER_PATHS = NO;
				CLANG_CXX_LANGUAGE_STANDARD = "gnu++0x";
				CLANG_CXX_LIBRARY = "libc++";
				CLANG_ENABLE_OBJC_ARC = YES;
				CLANG_WARN_CONSTANT_CONVERSION = YES;
				CLANG_WARN_EMPTY_BODY = YES;
				CLANG_WARN_ENUM_CONVERSION = YES;
				CLANG_WARN_INT_CONVERSION = YES;
				CLANG_WARN__DUPLICATE_METHOD_MATCH = YES;
				COPY_PHASE_STRIP = NO;
				GCC_C_LANGUAGE_STANDARD = gnu99;
				GCC_DYNAMIC_NO_PIC = NO;
				GCC_ENABLE_OBJC_EXCEPTIONS = YES;
				GCC_OPTIMIZATION_LEVEL = 0;
				GCC_PREPROCESSOR_DEFINITIONS = (
					"DEBUG=1",
					"$(inherited)",
				);
				GCC_SYMBOLS_PRIVATE_EXTERN = NO;
				GCC_WARN_64_TO_32_BIT_CONVERSION = YES;
				GCC_WARN_ABOUT_RETURN_TYPE = YES;
				GCC_WARN_UNINITIALIZED_AUTOS = YES;
				GCC_WARN_UNUSED_VARIABLE = YES;
				MACOSX_DEPLOYMENT_TARGET = 10.8;
				ONLY_ACTIVE_ARCH = YES;
				SDKROOT = macosx10.8;
			};
			name = Debug;
		};
		BE93C99D17BEC88400625DE2 /* Release */ = {
			isa = XCBuildConfiguration;
			buildSettings = {
				ALWAYS_SEARCH_USER_PATHS = NO;
				CLANG_CXX_LANGUAGE_STANDARD = "gnu++0x";
				CLANG_CXX_LIBRARY = "libc++";
				CLANG_ENABLE_OBJC_ARC = YES;
				CLANG_WARN_CONSTANT_CONVERSION = YES;
				CLANG_WARN_EMPTY_BODY = YES;
				CLANG_WARN_ENUM_CONVERSION = YES;
				CLANG_WARN_INT_CONVERSION = YES;
				CLANG_WARN__DUPLICATE_METHOD_MATCH = YES;
				COPY_PHASE_STRIP = YES;
				DEBUG_INFORMATION_FORMAT = "dwarf-with-dsym";
				GCC_C_LANGUAGE_STANDARD = gnu99;
				GCC_ENABLE_OBJC_EXCEPTIONS = YES;
				GCC_WARN_64_TO_32_BIT_CONVERSION = YES;
				GCC_WARN_ABOUT_RETURN_TYPE = YES;
				GCC_WARN_UNINITIALIZED_AUTOS = YES;
				GCC_WARN_UNUSED_VARIABLE = YES;
				MACOSX_DEPLOYMENT_TARGET = 10.8;
				SDKROOT = macosx10.8;
			};
			name = Release;
		};
		BE93C99F17BEC88400625DE2 /* Debug */ = {
			isa = XCBuildConfiguration;
			buildSettings = {
				ASSETCATALOG_COMPILER_APPICON_NAME = MainApp;
				CODE_SIGN_IDENTITY = "Mac Developer";
				COMBINE_HIDPI_IMAGES = YES;
				FRAMEWORK_SEARCH_PATHS = (
					"$(inherited)",
					"/Volumes/myHome/Users/eldon/Desktop/git/My\\ Objective-c/Printer-Installer",
					"/Volumes/myHome/Users/eldon/Desktop/git/My\\ Objective-c/Printer-Installer/Printer-Installer",
					"$(USER_LIBRARY_DIR)/Developer/Xcode/DerivedData/Server-cdqlgoghdfmhlygevbhlqmyszmso/Build/Products/Release",
				);
				GCC_PRECOMPILE_PREFIX_HEADER = YES;
				GCC_PREFIX_HEADER = "Printer-Installer/Printer-Installer-Prefix.pch";
				INFOPLIST_FILE = "Printer-Installer/Printer-Installer-Info.plist";
				PRODUCT_NAME = "$(TARGET_NAME)";
				PROVISIONING_PROFILE = "";
				WRAPPER_EXTENSION = app;
			};
			name = Debug;
		};
		BE93C9A017BEC88400625DE2 /* Release */ = {
			isa = XCBuildConfiguration;
			buildSettings = {
				ASSETCATALOG_COMPILER_APPICON_NAME = MainApp;
				CODE_SIGN_IDENTITY = "Developer ID Application: Loyola University New Orleans School of Mass Comm (BUN87F4W87)";
				COMBINE_HIDPI_IMAGES = YES;
				COPY_PHASE_STRIP = NO;
				FRAMEWORK_SEARCH_PATHS = (
					"$(inherited)",
					"/Volumes/myHome/Users/eldon/Desktop/git/My\\ Objective-c/Printer-Installer",
					"/Volumes/myHome/Users/eldon/Desktop/git/My\\ Objective-c/Printer-Installer/Printer-Installer",
					"$(USER_LIBRARY_DIR)/Developer/Xcode/DerivedData/Server-cdqlgoghdfmhlygevbhlqmyszmso/Build/Products/Release",
				);
				GCC_PRECOMPILE_PREFIX_HEADER = YES;
				GCC_PREFIX_HEADER = "Printer-Installer/Printer-Installer-Prefix.pch";
				INFOPLIST_FILE = "./release/Printer-Installer-Info.plist";
				PRODUCT_NAME = "$(TARGET_NAME)";
				PROVISIONING_PROFILE = "";
				WRAPPER_EXTENSION = app;
			};
			name = Release;
		};
		BE93C9B017BEC8CB00625DE2 /* Debug */ = {
			isa = XCBuildConfiguration;
			buildSettings = {
				CODE_SIGN_IDENTITY = "Mac Developer";
				GCC_PRECOMPILE_PREFIX_HEADER = YES;
				GCC_PREFIX_HEADER = "printer-installer-helper/printer-installer-helper-Prefix.pch";
				INFOPLIST_FILE = "printer-installer-helper/helper-Info.plist";
				OTHER_LDFLAGS = (
					"-sectcreate",
					__TEXT,
					__info_plist,
					"printer-installer-helper/helper-Info.plist",
					"-sectcreate",
					__TEXT,
					__launchd_plist,
					"printer-installer-helper/helper-Launchd.plist",
				);
				PRODUCT_NAME = "edu.loyno.smc.Printer-Installer.helper";
				PROVISIONING_PROFILE = "";
			};
			name = Debug;
		};
		BE93C9B117BEC8CB00625DE2 /* Release */ = {
			isa = XCBuildConfiguration;
			buildSettings = {
				CODE_SIGN_IDENTITY = "Developer ID Application: Loyola University New Orleans School of Mass Comm (BUN87F4W87)";
				COPY_PHASE_STRIP = NO;
				GCC_PRECOMPILE_PREFIX_HEADER = YES;
				GCC_PREFIX_HEADER = "printer-installer-helper/printer-installer-helper-Prefix.pch";
				INFOPLIST_FILE = "./release/helper-Info.plist";
				OTHER_LDFLAGS = (
					"-sectcreate",
					__TEXT,
					__info_plist,
					"./release/helper-Info.plist",
					"-sectcreate",
					__TEXT,
					__launchd_plist,
					"printer-installer-helper/helper-Launchd.plist",
				);
				PRODUCT_NAME = "edu.loyno.smc.Printer-Installer.helper";
				PROVISIONING_PROFILE = "";
			};
			name = Release;
		};
/* End XCBuildConfiguration section */

/* Begin XCConfigurationList section */
		BE93C97C17BEC88400625DE2 /* Build configuration list for PBXProject "Printer-Installer" */ = {
			isa = XCConfigurationList;
			buildConfigurations = (
				BE93C99C17BEC88400625DE2 /* Debug */,
				BE93C99D17BEC88400625DE2 /* Release */,
			);
			defaultConfigurationIsVisible = 0;
			defaultConfigurationName = Release;
		};
		BE93C99E17BEC88400625DE2 /* Build configuration list for PBXNativeTarget "Printer-Installer" */ = {
			isa = XCConfigurationList;
			buildConfigurations = (
				BE93C99F17BEC88400625DE2 /* Debug */,
				BE93C9A017BEC88400625DE2 /* Release */,
			);
			defaultConfigurationIsVisible = 0;
			defaultConfigurationName = Release;
		};
		BE93C9AF17BEC8CB00625DE2 /* Build configuration list for PBXNativeTarget "edu.loyno.smc.Printer-Installer.helper" */ = {
			isa = XCConfigurationList;
			buildConfigurations = (
				BE93C9B017BEC8CB00625DE2 /* Debug */,
				BE93C9B117BEC8CB00625DE2 /* Release */,
			);
			defaultConfigurationIsVisible = 0;
			defaultConfigurationName = Release;
		};
/* End XCConfigurationList section */
	};
	rootObject = BE93C97917BEC88400625DE2 /* Project object */;
}
